PODS:
  - DeviceKit (1.10.0)
  - MaterialTextField (1.0.1)
  - SCLAlertView (0.8)
  - Valet (3.2.2)

DEPENDENCIES:
  - DeviceKit
  - MaterialTextField
  - SCLAlertView
  - Valet

SPEC REPOS:
  https://github.com/cocoapods/specs.git:
    - DeviceKit
    - MaterialTextField
    - SCLAlertView
    - Valet

SPEC CHECKSUMS:
  DeviceKit: 2a6cf0d1ec05e2ac7f9b24cdfdb3cb358900a247
  MaterialTextField: f1a0786588e4d3610cb9bb62d2adbe9777cebbf9
  SCLAlertView: 6a77bb2edfc65e04dbe57725546cb4107a506b85
  Valet: 0babf5737029004185a7a009c1135f0c073011d1

PODFILE CHECKSUM: be1f98d578f70eb20ae6ed47c94aeef36b474f02

COCOAPODS: 1.5.3
