// !$*UTF8*$!
{
	archiveVersion = 1;
	classes = {
	};
	objectVersion = 48;
	objects = {

/* Begin PBXBuildFile section */
		070FB37A3CC51BFFDF1DEE18 /* Pods_Farm_To_Fork.framework in Frameworks */ = {isa = PBXBuildFile; fileRef = 1551C5C983ADC0EFB6C50AF2 /* Pods_Farm_To_Fork.framework */; };
		A9E6F4DD9398BB9A7E617144 /* Pods_Farm_To_Fork_For_Apple_Watch_Extension.framework in Frameworks */ = {isa = PBXBuildFile; fileRef = DBC708DE4A300E226147777A /* Pods_Farm_To_Fork_For_Apple_Watch_Extension.framework */; };
		AB9B39FF20617FE60088BFC4 /* UpdateUserService.swift in Sources */ = {isa = PBXBuildFile; fileRef = AB9B39FE20617FE60088BFC4 /* UpdateUserService.swift */; };
		ABC95046205AB82C00DC8890 /* UserProfileViewController.swift in Sources */ = {isa = PBXBuildFile; fileRef = ABC95045205AB82C00DC8890 /* UserProfileViewController.swift */; };
		ABC9504A205AB8C300DC8890 /* ChangePasswordViewController.swift in Sources */ = {isa = PBXBuildFile; fileRef = ABC95049205AB8C300DC8890 /* ChangePasswordViewController.swift */; };
		B0001664206349BD00101744 /* Interface.storyboard in Resources */ = {isa = PBXBuildFile; fileRef = B0001662206349BD00101744 /* Interface.storyboard */; };
		B0001666206349BD00101744 /* Assets.xcassets in Resources */ = {isa = PBXBuildFile; fileRef = B0001665206349BD00101744 /* Assets.xcassets */; };
		B000166D206349BD00101744 /* Farm To Fork For Apple Watch Extension.appex in Embed App Extensions */ = {isa = PBXBuildFile; fileRef = B000166C206349BD00101744 /* Farm To Fork For Apple Watch Extension.appex */; settings = {ATTRIBUTES = (RemoveHeadersOnCopy, ); }; };
		B0001672206349BD00101744 /* InterfaceController.swift in Sources */ = {isa = PBXBuildFile; fileRef = B0001671206349BD00101744 /* InterfaceController.swift */; };
		B0001674206349BD00101744 /* ExtensionDelegate.swift in Sources */ = {isa = PBXBuildFile; fileRef = B0001673206349BD00101744 /* ExtensionDelegate.swift */; };
		B0001676206349BD00101744 /* NotificationController.swift in Sources */ = {isa = PBXBuildFile; fileRef = B0001675206349BD00101744 /* NotificationController.swift */; };
		B0001678206349BD00101744 /* Assets.xcassets in Resources */ = {isa = PBXBuildFile; fileRef = B0001677206349BD00101744 /* Assets.xcassets */; };
		B000167D206349BD00101744 /* Farm To Fork For Apple Watch.app in Embed Watch Content */ = {isa = PBXBuildFile; fileRef = B0001660206349BD00101744 /* Farm To Fork For Apple Watch.app */; };
		B000168820634D4300101744 /* WatchNeedsViewModel.swift in Sources */ = {isa = PBXBuildFile; fileRef = B000168720634D4300101744 /* WatchNeedsViewModel.swift */; };
		B000168A20634D7900101744 /* WatchTableViewModelable.swift in Sources */ = {isa = PBXBuildFile; fileRef = B000168920634D7900101744 /* WatchTableViewModelable.swift */; };
		B000168B20634E2C00101744 /* Need.swift in Sources */ = {isa = PBXBuildFile; fileRef = B0A8BFCD205F171200077DF7 /* Need.swift */; };
		B000168C20634EBF00101744 /* Result.swift in Sources */ = {isa = PBXBuildFile; fileRef = B0FEBC8A204E3F0B00982EAE /* Result.swift */; };
		B000168D20634EFD00101744 /* JSONService.swift in Sources */ = {isa = PBXBuildFile; fileRef = B0FEBC8C204E3FF200982EAE /* JSONService.swift */; };
		B000168E20634F0000101744 /* NeedsService.swift in Sources */ = {isa = PBXBuildFile; fileRef = B0B3BFF22054BCD60074DF0D /* NeedsService.swift */; };
		B000168F20634F0A00101744 /* JSONAny.swift in Sources */ = {isa = PBXBuildFile; fileRef = B0232DDC2058463E00E22B40 /* JSONAny.swift */; };
		B000169120634F1C00101744 /* StringExtensions.swift in Sources */ = {isa = PBXBuildFile; fileRef = B0F133F220517C12000187BA /* StringExtensions.swift */; };
		B0033CAF20FEC8C1009B7932 /* Intents.framework in Frameworks */ = {isa = PBXBuildFile; fileRef = B0033CAE20FEC8C1009B7932 /* Intents.framework */; };
		B00F9C14204F8B2500C5BC03 /* LoginViewModel.swift in Sources */ = {isa = PBXBuildFile; fileRef = B00F9C13204F8B2500C5BC03 /* LoginViewModel.swift */; };
		B00F9C16204F8D8100C5BC03 /* User.swift in Sources */ = {isa = PBXBuildFile; fileRef = B00F9C15204F8D8100C5BC03 /* User.swift */; };
		B01E3D8920533D1F00106CA4 /* MapKit.framework in Frameworks */ = {isa = PBXBuildFile; fileRef = B01E3D8820533D1F00106CA4 /* MapKit.framework */; };
		B01E3D8C2053405B00106CA4 /* StartupViewController.swift in Sources */ = {isa = PBXBuildFile; fileRef = B01E3D8B2053405B00106CA4 /* StartupViewController.swift */; };
		B0232DD620583B1700E22B40 /* LocationsService.swift in Sources */ = {isa = PBXBuildFile; fileRef = B0232DD520583B1700E22B40 /* LocationsService.swift */; };
		B0232DDB205842BB00E22B40 /* Location.swift in Sources */ = {isa = PBXBuildFile; fileRef = B0232DDA205842BB00E22B40 /* Location.swift */; };
		B0232DDD2058463E00E22B40 /* JSONAny.swift in Sources */ = {isa = PBXBuildFile; fileRef = B0232DDC2058463E00E22B40 /* JSONAny.swift */; };
		B02613A0205B462A0067B378 /* NeedsViewModel.swift in Sources */ = {isa = PBXBuildFile; fileRef = B026139F205B462A0067B378 /* NeedsViewModel.swift */; };
		B02613A2205B4E1E0067B378 /* NeedItemTableViewCell.swift in Sources */ = {isa = PBXBuildFile; fileRef = B02613A1205B4E1E0067B378 /* NeedItemTableViewCell.swift */; };
		B0272DE82068885F00F8F2E2 /* EFPMarker.swift in Sources */ = {isa = PBXBuildFile; fileRef = B0272DE72068885F00F8F2E2 /* EFPMarker.swift */; };
		B0272DEA2068919000F8F2E2 /* LocationInfoViewController.swift in Sources */ = {isa = PBXBuildFile; fileRef = B0272DE92068919000F8F2E2 /* LocationInfoViewController.swift */; };
		B0272DEC2068920100F8F2E2 /* LocationInfoViewModel.swift in Sources */ = {isa = PBXBuildFile; fileRef = B0272DEB2068920100F8F2E2 /* LocationInfoViewModel.swift */; };
		B02A024420501BC100ABB4F9 /* ErrorExtensions.swift in Sources */ = {isa = PBXBuildFile; fileRef = B02A024320501BC100ABB4F9 /* ErrorExtensions.swift */; };
		B02A024620501DB900ABB4F9 /* UIViewExtensions.swift in Sources */ = {isa = PBXBuildFile; fileRef = B02A024520501DB900ABB4F9 /* UIViewExtensions.swift */; };
		B03C07C82033BDE2001A54C6 /* AppDelegate.swift in Sources */ = {isa = PBXBuildFile; fileRef = B03C07C72033BDE2001A54C6 /* AppDelegate.swift */; };
		B03C07CA2033BDE2001A54C6 /* LoginViewController.swift in Sources */ = {isa = PBXBuildFile; fileRef = B03C07C92033BDE2001A54C6 /* LoginViewController.swift */; };
		B03C07CD2033BDE2001A54C6 /* Main.storyboard in Resources */ = {isa = PBXBuildFile; fileRef = B03C07CB2033BDE2001A54C6 /* Main.storyboard */; };
		B03C07D22033BDE2001A54C6 /* Assets.xcassets in Resources */ = {isa = PBXBuildFile; fileRef = B03C07D12033BDE2001A54C6 /* Assets.xcassets */; };
		B03C07D52033BDE2001A54C6 /* LaunchScreen.storyboard in Resources */ = {isa = PBXBuildFile; fileRef = B03C07D32033BDE2001A54C6 /* LaunchScreen.storyboard */; };
		B044121B20841A500088F07F /* ChangeEmailViewController.swift in Sources */ = {isa = PBXBuildFile; fileRef = B044121A20841A500088F07F /* ChangeEmailViewController.swift */; };
		B044121D20841B3C0088F07F /* MFTextFieldExtensions.swift in Sources */ = {isa = PBXBuildFile; fileRef = B044121C20841B3C0088F07F /* MFTextFieldExtensions.swift */; };
		B0479C3C206A80CA009083CB /* UIDeviceExtensions.swift in Sources */ = {isa = PBXBuildFile; fileRef = B0479C3B206A80CA009083CB /* UIDeviceExtensions.swift */; };
		B048D5E720851388009BA814 /* ChangeEmailViewModel.swift in Sources */ = {isa = PBXBuildFile; fileRef = B048D5E620851388009BA814 /* ChangeEmailViewModel.swift */; };
		B04B2DD92063C011007F07EE /* Constants.swift in Sources */ = {isa = PBXBuildFile; fileRef = B077904620535D2A0099AD1F /* Constants.swift */; };
		B04B2DDC2063C1E1007F07EE /* NeedRowController.swift in Sources */ = {isa = PBXBuildFile; fileRef = B04B2DDB2063C1E1007F07EE /* NeedRowController.swift */; };
		B0554DAB2069624D00A49E74 /* LocationInfoDelegate.swift in Sources */ = {isa = PBXBuildFile; fileRef = B0554DAA2069624D00A49E74 /* LocationInfoDelegate.swift */; };
		B061D3662058BF1E004E7888 /* PickerViewModelable.swift in Sources */ = {isa = PBXBuildFile; fileRef = B061D3652058BF1E004E7888 /* PickerViewModelable.swift */; };
		B06E3EE92069BDAD003ED34C /* LocationSearchViewController.swift in Sources */ = {isa = PBXBuildFile; fileRef = B06E3EE82069BDAD003ED34C /* LocationSearchViewController.swift */; };
		B06E3EEC2069C196003ED34C /* MatchedLocationTableViewCell.swift in Sources */ = {isa = PBXBuildFile; fileRef = B06E3EEB2069C196003ED34C /* MatchedLocationTableViewCell.swift */; };
		B071A6AB205800A300367102 /* ProgressButton.swift in Sources */ = {isa = PBXBuildFile; fileRef = B071A6AA205800A300367102 /* ProgressButton.swift */; };
		B077904520535BC60099AD1F /* StartupViewModel.swift in Sources */ = {isa = PBXBuildFile; fileRef = B077904420535BC60099AD1F /* StartupViewModel.swift */; };
		B077904720535D2A0099AD1F /* Constants.swift in Sources */ = {isa = PBXBuildFile; fileRef = B077904620535D2A0099AD1F /* Constants.swift */; };
		B077904920535EF80099AD1F /* LoginPreferences.swift in Sources */ = {isa = PBXBuildFile; fileRef = B077904820535EF80099AD1F /* LoginPreferences.swift */; };
		B07D2E54210EB6220066E19B /* ValetExtensions.swift in Sources */ = {isa = PBXBuildFile; fileRef = B07D2E53210EB6220066E19B /* ValetExtensions.swift */; };
		B07D2E55210EB9A60066E19B /* ValetExtensions.swift in Sources */ = {isa = PBXBuildFile; fileRef = B07D2E53210EB6220066E19B /* ValetExtensions.swift */; };
		B097574B2082DD2E003AAF22 /* ProfileViewModel.swift in Sources */ = {isa = PBXBuildFile; fileRef = B097574A2082DD2E003AAF22 /* ProfileViewModel.swift */; };
		B097574E2082DEAF003AAF22 /* ProfileOptionTableViewCell.swift in Sources */ = {isa = PBXBuildFile; fileRef = B097574D2082DEAF003AAF22 /* ProfileOptionTableViewCell.swift */; };
		B0A8BFC9205EFB0D00077DF7 /* LogoutSegue.swift in Sources */ = {isa = PBXBuildFile; fileRef = B0A8BFC8205EFB0D00077DF7 /* LogoutSegue.swift */; };
		B0A8BFCE205F171200077DF7 /* Need.swift in Sources */ = {isa = PBXBuildFile; fileRef = B0A8BFCD205F171200077DF7 /* Need.swift */; };
		B0A8BFD0205F339000077DF7 /* ExpandedNeedItemTableViewCell.swift in Sources */ = {isa = PBXBuildFile; fileRef = B0A8BFCF205F339000077DF7 /* ExpandedNeedItemTableViewCell.swift */; };
		B0A8BFD2205F3AC300077DF7 /* PledgeDelegate.swift in Sources */ = {isa = PBXBuildFile; fileRef = B0A8BFD1205F3AC300077DF7 /* PledgeDelegate.swift */; };
		B0A8BFD4205F3F3F00077DF7 /* PledgeService.swift in Sources */ = {isa = PBXBuildFile; fileRef = B0A8BFD3205F3F3F00077DF7 /* PledgeService.swift */; };
		B0A8BFDD205F4E7A00077DF7 /* UserDefaults.swift in Sources */ = {isa = PBXBuildFile; fileRef = B0A8BFDC205F4E7A00077DF7 /* UserDefaults.swift */; };
		B0ADAA1520520A2B00A0CD30 /* UIViewControllerExtensions.swift in Sources */ = {isa = PBXBuildFile; fileRef = B0ADAA1420520A2B00A0CD30 /* UIViewControllerExtensions.swift */; };
		B0ADAA17205223D900A0CD30 /* RegisterViewModel.swift in Sources */ = {isa = PBXBuildFile; fileRef = B0ADAA16205223D900A0CD30 /* RegisterViewModel.swift */; };
		B0B3BFF32054BCD60074DF0D /* NeedsService.swift in Sources */ = {isa = PBXBuildFile; fileRef = B0B3BFF22054BCD60074DF0D /* NeedsService.swift */; };
		B0B3BFF62054BD330074DF0D /* MapViewController.swift in Sources */ = {isa = PBXBuildFile; fileRef = B0B3BFF52054BD330074DF0D /* MapViewController.swift */; };
		B0B3BFF92054BE450074DF0D /* MapViewModel.swift in Sources */ = {isa = PBXBuildFile; fileRef = B0B3BFF82054BE450074DF0D /* MapViewModel.swift */; };
		B0B7DA6720880CF300C36D40 /* TabBarController.swift in Sources */ = {isa = PBXBuildFile; fileRef = B0B7DA6620880CF300C36D40 /* TabBarController.swift */; };
		B0B7DA6A2088117700C36D40 /* TabBarViewModel.swift in Sources */ = {isa = PBXBuildFile; fileRef = B0B7DA692088117700C36D40 /* TabBarViewModel.swift */; };
		B0B7DA6C208813E600C36D40 /* NotificationExtensions.swift in Sources */ = {isa = PBXBuildFile; fileRef = B0B7DA6B208813E600C36D40 /* NotificationExtensions.swift */; };
		B0BD371C210C1299005149FF /* PaginatedResults.swift in Sources */ = {isa = PBXBuildFile; fileRef = B0BD371B210C1299005149FF /* PaginatedResults.swift */; };
		B0C6EC9E205972150064F2B5 /* NeedsViewController.swift in Sources */ = {isa = PBXBuildFile; fileRef = B0C6EC9D205972150064F2B5 /* NeedsViewController.swift */; };
		B0C898422082D14A00E7514F /* ProfileViewController.swift in Sources */ = {isa = PBXBuildFile; fileRef = B0C898412082D14A00E7514F /* ProfileViewController.swift */; };
		B0CD0EA620506F1B00FBE902 /* RegisterAccountSegue.swift in Sources */ = {isa = PBXBuildFile; fileRef = B0CD0EA520506F1B00FBE902 /* RegisterAccountSegue.swift */; };
		B0CD0EA82050716F00FBE902 /* WallpaperWindow.swift in Sources */ = {isa = PBXBuildFile; fileRef = B0CD0EA72050716F00FBE902 /* WallpaperWindow.swift */; };
		B0CD0EAB205078AA00FBE902 /* RegisterViewController.swift in Sources */ = {isa = PBXBuildFile; fileRef = B0CD0EAA205078AA00FBE902 /* RegisterViewController.swift */; };
		B0CD0EAD20507D2500FBE902 /* UnwindRegisterAccountSegue.swift in Sources */ = {isa = PBXBuildFile; fileRef = B0CD0EAC20507D2500FBE902 /* UnwindRegisterAccountSegue.swift */; };
		B0D0423E2065E187007DE107 /* LocationsService.swift in Sources */ = {isa = PBXBuildFile; fileRef = B0232DD520583B1700E22B40 /* LocationsService.swift */; };
		B0D0423F2065E192007DE107 /* Location.swift in Sources */ = {isa = PBXBuildFile; fileRef = B0232DDA205842BB00E22B40 /* Location.swift */; };
		B0DC7C6D20690A2F00E544D2 /* LocationInfoHeaderTableViewCell.swift in Sources */ = {isa = PBXBuildFile; fileRef = B0DC7C6C20690A2F00E544D2 /* LocationInfoHeaderTableViewCell.swift */; };
		B0DC7C6F20690C9200E544D2 /* LocationDelegate.swift in Sources */ = {isa = PBXBuildFile; fileRef = B0DC7C6E20690C9200E544D2 /* LocationDelegate.swift */; };
		B0DC7C712069138900E544D2 /* LocationConfigurable.swift in Sources */ = {isa = PBXBuildFile; fileRef = B0DC7C702069138900E544D2 /* LocationConfigurable.swift */; };
		B0DC7C732069142700E544D2 /* LocationInfoBasicTableViewCell.swift in Sources */ = {isa = PBXBuildFile; fileRef = B0DC7C722069142700E544D2 /* LocationInfoBasicTableViewCell.swift */; };
		B0DC7C75206919CD00E544D2 /* LocationInfoHoursTableViewCell.swift in Sources */ = {isa = PBXBuildFile; fileRef = B0DC7C74206919CD00E544D2 /* LocationInfoHoursTableViewCell.swift */; };
		B0DC7C77206920F600E544D2 /* DoubleExtensions.swift in Sources */ = {isa = PBXBuildFile; fileRef = B0DC7C76206920F600E544D2 /* DoubleExtensions.swift */; };
		B0DF8B5620500FF100AD2539 /* LoginService.swift in Sources */ = {isa = PBXBuildFile; fileRef = B0DF8B5520500FF100AD2539 /* LoginService.swift */; };
		B0EED74F20574AC6008CF4D5 /* LocalAuthentication.framework in Frameworks */ = {isa = PBXBuildFile; fileRef = B0EED74E20574AC6008CF4D5 /* LocalAuthentication.framework */; };
		B0F133F320517C12000187BA /* StringExtensions.swift in Sources */ = {isa = PBXBuildFile; fileRef = B0F133F220517C12000187BA /* StringExtensions.swift */; };
		B0F133F520517D12000187BA /* RegisterService.swift in Sources */ = {isa = PBXBuildFile; fileRef = B0F133F420517D12000187BA /* RegisterService.swift */; };
		B0F133F7205182C8000187BA /* RegisterLocationViewController.swift in Sources */ = {isa = PBXBuildFile; fileRef = B0F133F6205182C8000187BA /* RegisterLocationViewController.swift */; };
		B0F133FA2051B2B2000187BA /* RegisterLocationViewModel.swift in Sources */ = {isa = PBXBuildFile; fileRef = B0F133F92051B2B2000187BA /* RegisterLocationViewModel.swift */; };
		B0FC11892063E35F008A28B8 /* WatchSessionManager.swift in Sources */ = {isa = PBXBuildFile; fileRef = B0FC11882063E35F008A28B8 /* WatchSessionManager.swift */; };
		B0FC118B2063F731008A28B8 /* WatchSessionManager.swift in Sources */ = {isa = PBXBuildFile; fileRef = B0FC11882063E35F008A28B8 /* WatchSessionManager.swift */; };
		B0FC118C2063F74E008A28B8 /* UserDefaults.swift in Sources */ = {isa = PBXBuildFile; fileRef = B0A8BFDC205F4E7A00077DF7 /* UserDefaults.swift */; };
		B0FC118D2063FDF0008A28B8 /* ErrorExtensions.swift in Sources */ = {isa = PBXBuildFile; fileRef = B02A024320501BC100ABB4F9 /* ErrorExtensions.swift */; };
		B0FC11902063FF14008A28B8 /* NeedInfoRowController.swift in Sources */ = {isa = PBXBuildFile; fileRef = B0FC118F2063FF14008A28B8 /* NeedInfoRowController.swift */; };
		B0FC119420640B81008A28B8 /* NeedInfoController.swift in Sources */ = {isa = PBXBuildFile; fileRef = B0FC119320640B81008A28B8 /* NeedInfoController.swift */; };
		B0FEBC86204E3E3600982EAE /* TableViewModelable.swift in Sources */ = {isa = PBXBuildFile; fileRef = B0FEBC85204E3E3600982EAE /* TableViewModelable.swift */; };
		B0FEBC8B204E3F0B00982EAE /* Result.swift in Sources */ = {isa = PBXBuildFile; fileRef = B0FEBC8A204E3F0B00982EAE /* Result.swift */; };
		B0FEBC8D204E3FF200982EAE /* JSONService.swift in Sources */ = {isa = PBXBuildFile; fileRef = B0FEBC8C204E3FF200982EAE /* JSONService.swift */; };
		E2DEE6032114CE42004873B5 /* HTTPURLResponseExtensions.swift in Sources */ = {isa = PBXBuildFile; fileRef = E2DEE6022114CE42004873B5 /* HTTPURLResponseExtensions.swift */; };
		E2DEE6042114CEEE004873B5 /* HTTPURLResponseExtensions.swift in Sources */ = {isa = PBXBuildFile; fileRef = E2DEE6022114CE42004873B5 /* HTTPURLResponseExtensions.swift */; };
		E2DEE6062114D0A3004873B5 /* Errorable.swift in Sources */ = {isa = PBXBuildFile; fileRef = E2DEE6052114D0A3004873B5 /* Errorable.swift */; };
		E2DEE6072114D13F004873B5 /* Errorable.swift in Sources */ = {isa = PBXBuildFile; fileRef = E2DEE6052114D0A3004873B5 /* Errorable.swift */; };
/* End PBXBuildFile section */

/* Begin PBXContainerItemProxy section */
		B000166E206349BD00101744 /* PBXContainerItemProxy */ = {
			isa = PBXContainerItemProxy;
			containerPortal = B03C07BC2033BDE2001A54C6 /* Project object */;
			proxyType = 1;
			remoteGlobalIDString = B000166B206349BD00101744;
			remoteInfo = "Farm To Fork For Apple Watch Extension";
		};
		B000167B206349BD00101744 /* PBXContainerItemProxy */ = {
			isa = PBXContainerItemProxy;
			containerPortal = B03C07BC2033BDE2001A54C6 /* Project object */;
			proxyType = 1;
			remoteGlobalIDString = B000165F206349BD00101744;
			remoteInfo = "Farm To Fork For Apple Watch";
		};
/* End PBXContainerItemProxy section */

/* Begin PBXCopyFilesBuildPhase section */
		B0001683206349BD00101744 /* Embed App Extensions */ = {
			isa = PBXCopyFilesBuildPhase;
			buildActionMask = 2147483647;
			dstPath = "";
			dstSubfolderSpec = 13;
			files = (
				B000166D206349BD00101744 /* Farm To Fork For Apple Watch Extension.appex in Embed App Extensions */,
			);
			name = "Embed App Extensions";
			runOnlyForDeploymentPostprocessing = 0;
		};
		B0001685206349BD00101744 /* Embed Watch Content */ = {
			isa = PBXCopyFilesBuildPhase;
			buildActionMask = 2147483647;
			dstPath = "$(CONTENTS_FOLDER_PATH)/Watch";
			dstSubfolderSpec = 16;
			files = (
				B000167D206349BD00101744 /* Farm To Fork For Apple Watch.app in Embed Watch Content */,
			);
			name = "Embed Watch Content";
			runOnlyForDeploymentPostprocessing = 0;
		};
		B01FA1FF2054463600863E05 /* Embed App Extensions */ = {
			isa = PBXCopyFilesBuildPhase;
			buildActionMask = 2147483647;
			dstPath = "";
			dstSubfolderSpec = 13;
			files = (
			);
			name = "Embed App Extensions";
			runOnlyForDeploymentPostprocessing = 0;
		};
/* End PBXCopyFilesBuildPhase section */

/* Begin PBXFileReference section */
		1551C5C983ADC0EFB6C50AF2 /* Pods_Farm_To_Fork.framework */ = {isa = PBXFileReference; explicitFileType = wrapper.framework; includeInIndex = 0; path = Pods_Farm_To_Fork.framework; sourceTree = BUILT_PRODUCTS_DIR; };
		9BA17E634D638ABBCC2ADDD5 /* Pods-Farm To Fork For Apple Watch Extension.debug.xcconfig */ = {isa = PBXFileReference; includeInIndex = 1; lastKnownFileType = text.xcconfig; name = "Pods-Farm To Fork For Apple Watch Extension.debug.xcconfig"; path = "Pods/Target Support Files/Pods-Farm To Fork For Apple Watch Extension/Pods-Farm To Fork For Apple Watch Extension.debug.xcconfig"; sourceTree = "<group>"; };
		A4B6F519D0B235A2AA6A9568 /* Pods-Farm To Fork For Apple Watch Extension.release.xcconfig */ = {isa = PBXFileReference; includeInIndex = 1; lastKnownFileType = text.xcconfig; name = "Pods-Farm To Fork For Apple Watch Extension.release.xcconfig"; path = "Pods/Target Support Files/Pods-Farm To Fork For Apple Watch Extension/Pods-Farm To Fork For Apple Watch Extension.release.xcconfig"; sourceTree = "<group>"; };
		AB9B39FE20617FE60088BFC4 /* UpdateUserService.swift */ = {isa = PBXFileReference; lastKnownFileType = sourcecode.swift; path = UpdateUserService.swift; sourceTree = "<group>"; };
		ABC95045205AB82C00DC8890 /* UserProfileViewController.swift */ = {isa = PBXFileReference; lastKnownFileType = sourcecode.swift; path = UserProfileViewController.swift; sourceTree = "<group>"; };
		ABC95049205AB8C300DC8890 /* ChangePasswordViewController.swift */ = {isa = PBXFileReference; lastKnownFileType = sourcecode.swift; path = ChangePasswordViewController.swift; sourceTree = "<group>"; };
		B0001660206349BD00101744 /* Farm To Fork For Apple Watch.app */ = {isa = PBXFileReference; explicitFileType = wrapper.application; includeInIndex = 0; path = "Farm To Fork For Apple Watch.app"; sourceTree = BUILT_PRODUCTS_DIR; };
		B0001663206349BD00101744 /* Base */ = {isa = PBXFileReference; lastKnownFileType = file.storyboard; name = Base; path = Base.lproj/Interface.storyboard; sourceTree = "<group>"; };
		B0001665206349BD00101744 /* Assets.xcassets */ = {isa = PBXFileReference; lastKnownFileType = folder.assetcatalog; path = Assets.xcassets; sourceTree = "<group>"; };
		B0001667206349BD00101744 /* Info.plist */ = {isa = PBXFileReference; lastKnownFileType = text.plist.xml; path = Info.plist; sourceTree = "<group>"; };
		B000166C206349BD00101744 /* Farm To Fork For Apple Watch Extension.appex */ = {isa = PBXFileReference; explicitFileType = "wrapper.app-extension"; includeInIndex = 0; path = "Farm To Fork For Apple Watch Extension.appex"; sourceTree = BUILT_PRODUCTS_DIR; };
		B0001671206349BD00101744 /* InterfaceController.swift */ = {isa = PBXFileReference; lastKnownFileType = sourcecode.swift; path = InterfaceController.swift; sourceTree = "<group>"; };
		B0001673206349BD00101744 /* ExtensionDelegate.swift */ = {isa = PBXFileReference; lastKnownFileType = sourcecode.swift; path = ExtensionDelegate.swift; sourceTree = "<group>"; };
		B0001675206349BD00101744 /* NotificationController.swift */ = {isa = PBXFileReference; lastKnownFileType = sourcecode.swift; path = NotificationController.swift; sourceTree = "<group>"; };
		B0001677206349BD00101744 /* Assets.xcassets */ = {isa = PBXFileReference; lastKnownFileType = folder.assetcatalog; path = Assets.xcassets; sourceTree = "<group>"; };
		B0001679206349BD00101744 /* Info.plist */ = {isa = PBXFileReference; lastKnownFileType = text.plist.xml; path = Info.plist; sourceTree = "<group>"; };
		B000167A206349BD00101744 /* PushNotificationPayload.apns */ = {isa = PBXFileReference; lastKnownFileType = text; path = PushNotificationPayload.apns; sourceTree = "<group>"; };
		B000168720634D4300101744 /* WatchNeedsViewModel.swift */ = {isa = PBXFileReference; lastKnownFileType = sourcecode.swift; path = WatchNeedsViewModel.swift; sourceTree = "<group>"; };
		B000168920634D7900101744 /* WatchTableViewModelable.swift */ = {isa = PBXFileReference; lastKnownFileType = sourcecode.swift; path = WatchTableViewModelable.swift; sourceTree = "<group>"; };
		B0033CAE20FEC8C1009B7932 /* Intents.framework */ = {isa = PBXFileReference; lastKnownFileType = wrapper.framework; name = Intents.framework; path = System/Library/Frameworks/Intents.framework; sourceTree = SDKROOT; };
		B00F9C13204F8B2500C5BC03 /* LoginViewModel.swift */ = {isa = PBXFileReference; lastKnownFileType = sourcecode.swift; path = LoginViewModel.swift; sourceTree = "<group>"; };
		B00F9C15204F8D8100C5BC03 /* User.swift */ = {isa = PBXFileReference; lastKnownFileType = sourcecode.swift; path = User.swift; sourceTree = "<group>"; };
		B01E3D8820533D1F00106CA4 /* MapKit.framework */ = {isa = PBXFileReference; lastKnownFileType = wrapper.framework; name = MapKit.framework; path = System/Library/Frameworks/MapKit.framework; sourceTree = SDKROOT; };
		B01E3D8B2053405B00106CA4 /* StartupViewController.swift */ = {isa = PBXFileReference; lastKnownFileType = sourcecode.swift; path = StartupViewController.swift; sourceTree = "<group>"; };
		B01FA1EA2054463600863E05 /* IntentsUI.framework */ = {isa = PBXFileReference; lastKnownFileType = wrapper.framework; name = IntentsUI.framework; path = System/Library/Frameworks/IntentsUI.framework; sourceTree = SDKROOT; };
		B01FA2002054468000863E05 /* Farm To Fork.entitlements */ = {isa = PBXFileReference; lastKnownFileType = text.plist.entitlements; path = "Farm To Fork.entitlements"; sourceTree = "<group>"; };
		B0232DD520583B1700E22B40 /* LocationsService.swift */ = {isa = PBXFileReference; lastKnownFileType = sourcecode.swift; path = LocationsService.swift; sourceTree = "<group>"; };
		B0232DDA205842BB00E22B40 /* Location.swift */ = {isa = PBXFileReference; lastKnownFileType = sourcecode.swift; path = Location.swift; sourceTree = "<group>"; };
		B0232DDC2058463E00E22B40 /* JSONAny.swift */ = {isa = PBXFileReference; lastKnownFileType = sourcecode.swift; path = JSONAny.swift; sourceTree = "<group>"; };
		B026139F205B462A0067B378 /* NeedsViewModel.swift */ = {isa = PBXFileReference; lastKnownFileType = sourcecode.swift; path = NeedsViewModel.swift; sourceTree = "<group>"; };
		B02613A1205B4E1E0067B378 /* NeedItemTableViewCell.swift */ = {isa = PBXFileReference; lastKnownFileType = sourcecode.swift; path = NeedItemTableViewCell.swift; sourceTree = "<group>"; };
		B0272DE72068885F00F8F2E2 /* EFPMarker.swift */ = {isa = PBXFileReference; lastKnownFileType = sourcecode.swift; path = EFPMarker.swift; sourceTree = "<group>"; };
		B0272DE92068919000F8F2E2 /* LocationInfoViewController.swift */ = {isa = PBXFileReference; lastKnownFileType = sourcecode.swift; path = LocationInfoViewController.swift; sourceTree = "<group>"; };
		B0272DEB2068920100F8F2E2 /* LocationInfoViewModel.swift */ = {isa = PBXFileReference; lastKnownFileType = sourcecode.swift; path = LocationInfoViewModel.swift; sourceTree = "<group>"; };
		B02A024320501BC100ABB4F9 /* ErrorExtensions.swift */ = {isa = PBXFileReference; lastKnownFileType = sourcecode.swift; path = ErrorExtensions.swift; sourceTree = "<group>"; };
		B02A024520501DB900ABB4F9 /* UIViewExtensions.swift */ = {isa = PBXFileReference; lastKnownFileType = sourcecode.swift; path = UIViewExtensions.swift; sourceTree = "<group>"; };
		B03C07C42033BDE2001A54C6 /* Farm To Fork.app */ = {isa = PBXFileReference; explicitFileType = wrapper.application; includeInIndex = 0; path = "Farm To Fork.app"; sourceTree = BUILT_PRODUCTS_DIR; };
		B03C07C72033BDE2001A54C6 /* AppDelegate.swift */ = {isa = PBXFileReference; lastKnownFileType = sourcecode.swift; path = AppDelegate.swift; sourceTree = "<group>"; };
		B03C07C92033BDE2001A54C6 /* LoginViewController.swift */ = {isa = PBXFileReference; lastKnownFileType = sourcecode.swift; path = LoginViewController.swift; sourceTree = "<group>"; };
		B03C07CC2033BDE2001A54C6 /* Base */ = {isa = PBXFileReference; lastKnownFileType = file.storyboard; name = Base; path = Base.lproj/Main.storyboard; sourceTree = "<group>"; };
		B03C07D12033BDE2001A54C6 /* Assets.xcassets */ = {isa = PBXFileReference; lastKnownFileType = folder.assetcatalog; path = Assets.xcassets; sourceTree = "<group>"; };
		B03C07D42033BDE2001A54C6 /* Base */ = {isa = PBXFileReference; lastKnownFileType = file.storyboard; name = Base; path = Base.lproj/LaunchScreen.storyboard; sourceTree = "<group>"; };
		B03C07D62033BDE2001A54C6 /* Info.plist */ = {isa = PBXFileReference; lastKnownFileType = text.plist.xml; path = Info.plist; sourceTree = "<group>"; };
		B044121A20841A500088F07F /* ChangeEmailViewController.swift */ = {isa = PBXFileReference; lastKnownFileType = sourcecode.swift; path = ChangeEmailViewController.swift; sourceTree = "<group>"; };
		B044121C20841B3C0088F07F /* MFTextFieldExtensions.swift */ = {isa = PBXFileReference; lastKnownFileType = sourcecode.swift; path = MFTextFieldExtensions.swift; sourceTree = "<group>"; };
		B0479C3B206A80CA009083CB /* UIDeviceExtensions.swift */ = {isa = PBXFileReference; lastKnownFileType = sourcecode.swift; path = UIDeviceExtensions.swift; sourceTree = "<group>"; };
		B048D5E620851388009BA814 /* ChangeEmailViewModel.swift */ = {isa = PBXFileReference; lastKnownFileType = sourcecode.swift; path = ChangeEmailViewModel.swift; sourceTree = "<group>"; };
		B04B2DDA2063C01F007F07EE /* Farm To Fork For Apple Watch Extension.entitlements */ = {isa = PBXFileReference; lastKnownFileType = text.plist.entitlements; path = "Farm To Fork For Apple Watch Extension.entitlements"; sourceTree = "<group>"; };
		B04B2DDB2063C1E1007F07EE /* NeedRowController.swift */ = {isa = PBXFileReference; lastKnownFileType = sourcecode.swift; path = NeedRowController.swift; sourceTree = "<group>"; };
		B04B2DDD2063C582007F07EE /* Farm To Fork For Apple Watch.entitlements */ = {isa = PBXFileReference; lastKnownFileType = text.plist.entitlements; path = "Farm To Fork For Apple Watch.entitlements"; sourceTree = "<group>"; };
		B0554DAA2069624D00A49E74 /* LocationInfoDelegate.swift */ = {isa = PBXFileReference; lastKnownFileType = sourcecode.swift; path = LocationInfoDelegate.swift; sourceTree = "<group>"; };
		B061D3652058BF1E004E7888 /* PickerViewModelable.swift */ = {isa = PBXFileReference; lastKnownFileType = sourcecode.swift; path = PickerViewModelable.swift; sourceTree = "<group>"; };
		B06E3EE82069BDAD003ED34C /* LocationSearchViewController.swift */ = {isa = PBXFileReference; lastKnownFileType = sourcecode.swift; path = LocationSearchViewController.swift; sourceTree = "<group>"; };
		B06E3EEB2069C196003ED34C /* MatchedLocationTableViewCell.swift */ = {isa = PBXFileReference; lastKnownFileType = sourcecode.swift; path = MatchedLocationTableViewCell.swift; sourceTree = "<group>"; };
		B071A6AA205800A300367102 /* ProgressButton.swift */ = {isa = PBXFileReference; lastKnownFileType = sourcecode.swift; path = ProgressButton.swift; sourceTree = "<group>"; };
		B077904420535BC60099AD1F /* StartupViewModel.swift */ = {isa = PBXFileReference; lastKnownFileType = sourcecode.swift; path = StartupViewModel.swift; sourceTree = "<group>"; };
		B077904620535D2A0099AD1F /* Constants.swift */ = {isa = PBXFileReference; lastKnownFileType = sourcecode.swift; path = Constants.swift; sourceTree = "<group>"; };
		B077904820535EF80099AD1F /* LoginPreferences.swift */ = {isa = PBXFileReference; lastKnownFileType = sourcecode.swift; path = LoginPreferences.swift; sourceTree = "<group>"; };
		B07D2E4D210EB4CA0066E19B /* Valet.framework */ = {isa = PBXFileReference; explicitFileType = wrapper.framework; path = Valet.framework; sourceTree = BUILT_PRODUCTS_DIR; };
		B07D2E53210EB6220066E19B /* ValetExtensions.swift */ = {isa = PBXFileReference; lastKnownFileType = sourcecode.swift; path = ValetExtensions.swift; sourceTree = "<group>"; };
		B097574A2082DD2E003AAF22 /* ProfileViewModel.swift */ = {isa = PBXFileReference; lastKnownFileType = sourcecode.swift; path = ProfileViewModel.swift; sourceTree = "<group>"; };
		B097574D2082DEAF003AAF22 /* ProfileOptionTableViewCell.swift */ = {isa = PBXFileReference; lastKnownFileType = sourcecode.swift; path = ProfileOptionTableViewCell.swift; sourceTree = "<group>"; };
		B0A8BFC8205EFB0D00077DF7 /* LogoutSegue.swift */ = {isa = PBXFileReference; lastKnownFileType = sourcecode.swift; path = LogoutSegue.swift; sourceTree = "<group>"; };
		B0A8BFCD205F171200077DF7 /* Need.swift */ = {isa = PBXFileReference; lastKnownFileType = sourcecode.swift; path = Need.swift; sourceTree = "<group>"; };
		B0A8BFCF205F339000077DF7 /* ExpandedNeedItemTableViewCell.swift */ = {isa = PBXFileReference; lastKnownFileType = sourcecode.swift; path = ExpandedNeedItemTableViewCell.swift; sourceTree = "<group>"; };
		B0A8BFD1205F3AC300077DF7 /* PledgeDelegate.swift */ = {isa = PBXFileReference; lastKnownFileType = sourcecode.swift; path = PledgeDelegate.swift; sourceTree = "<group>"; };
		B0A8BFD3205F3F3F00077DF7 /* PledgeService.swift */ = {isa = PBXFileReference; lastKnownFileType = sourcecode.swift; path = PledgeService.swift; sourceTree = "<group>"; };
		B0A8BFDC205F4E7A00077DF7 /* UserDefaults.swift */ = {isa = PBXFileReference; lastKnownFileType = sourcecode.swift; path = UserDefaults.swift; sourceTree = "<group>"; };
		B0ADAA1420520A2B00A0CD30 /* UIViewControllerExtensions.swift */ = {isa = PBXFileReference; lastKnownFileType = sourcecode.swift; path = UIViewControllerExtensions.swift; sourceTree = "<group>"; };
		B0ADAA16205223D900A0CD30 /* RegisterViewModel.swift */ = {isa = PBXFileReference; lastKnownFileType = sourcecode.swift; path = RegisterViewModel.swift; sourceTree = "<group>"; };
		B0B3BFF22054BCD60074DF0D /* NeedsService.swift */ = {isa = PBXFileReference; lastKnownFileType = sourcecode.swift; path = NeedsService.swift; sourceTree = "<group>"; };
		B0B3BFF52054BD330074DF0D /* MapViewController.swift */ = {isa = PBXFileReference; lastKnownFileType = sourcecode.swift; path = MapViewController.swift; sourceTree = "<group>"; };
		B0B3BFF82054BE450074DF0D /* MapViewModel.swift */ = {isa = PBXFileReference; lastKnownFileType = sourcecode.swift; path = MapViewModel.swift; sourceTree = "<group>"; };
		B0B7DA6620880CF300C36D40 /* TabBarController.swift */ = {isa = PBXFileReference; lastKnownFileType = sourcecode.swift; path = TabBarController.swift; sourceTree = "<group>"; };
		B0B7DA692088117700C36D40 /* TabBarViewModel.swift */ = {isa = PBXFileReference; lastKnownFileType = sourcecode.swift; path = TabBarViewModel.swift; sourceTree = "<group>"; };
		B0B7DA6B208813E600C36D40 /* NotificationExtensions.swift */ = {isa = PBXFileReference; lastKnownFileType = sourcecode.swift; path = NotificationExtensions.swift; sourceTree = "<group>"; };
		B0BD371B210C1299005149FF /* PaginatedResults.swift */ = {isa = PBXFileReference; lastKnownFileType = sourcecode.swift; path = PaginatedResults.swift; sourceTree = "<group>"; };
		B0C6EC9D205972150064F2B5 /* NeedsViewController.swift */ = {isa = PBXFileReference; lastKnownFileType = sourcecode.swift; path = NeedsViewController.swift; sourceTree = "<group>"; };
		B0C898412082D14A00E7514F /* ProfileViewController.swift */ = {isa = PBXFileReference; lastKnownFileType = sourcecode.swift; path = ProfileViewController.swift; sourceTree = "<group>"; };
		B0CD0EA520506F1B00FBE902 /* RegisterAccountSegue.swift */ = {isa = PBXFileReference; lastKnownFileType = sourcecode.swift; path = RegisterAccountSegue.swift; sourceTree = "<group>"; };
		B0CD0EA72050716F00FBE902 /* WallpaperWindow.swift */ = {isa = PBXFileReference; lastKnownFileType = sourcecode.swift; path = WallpaperWindow.swift; sourceTree = "<group>"; };
		B0CD0EAA205078AA00FBE902 /* RegisterViewController.swift */ = {isa = PBXFileReference; lastKnownFileType = sourcecode.swift; path = RegisterViewController.swift; sourceTree = "<group>"; };
		B0CD0EAC20507D2500FBE902 /* UnwindRegisterAccountSegue.swift */ = {isa = PBXFileReference; lastKnownFileType = sourcecode.swift; path = UnwindRegisterAccountSegue.swift; sourceTree = "<group>"; };
		B0DC7C6C20690A2F00E544D2 /* LocationInfoHeaderTableViewCell.swift */ = {isa = PBXFileReference; lastKnownFileType = sourcecode.swift; path = LocationInfoHeaderTableViewCell.swift; sourceTree = "<group>"; };
		B0DC7C6E20690C9200E544D2 /* LocationDelegate.swift */ = {isa = PBXFileReference; lastKnownFileType = sourcecode.swift; path = LocationDelegate.swift; sourceTree = "<group>"; };
		B0DC7C702069138900E544D2 /* LocationConfigurable.swift */ = {isa = PBXFileReference; lastKnownFileType = sourcecode.swift; path = LocationConfigurable.swift; sourceTree = "<group>"; };
		B0DC7C722069142700E544D2 /* LocationInfoBasicTableViewCell.swift */ = {isa = PBXFileReference; lastKnownFileType = sourcecode.swift; path = LocationInfoBasicTableViewCell.swift; sourceTree = "<group>"; };
		B0DC7C74206919CD00E544D2 /* LocationInfoHoursTableViewCell.swift */ = {isa = PBXFileReference; lastKnownFileType = sourcecode.swift; path = LocationInfoHoursTableViewCell.swift; sourceTree = "<group>"; };
		B0DC7C76206920F600E544D2 /* DoubleExtensions.swift */ = {isa = PBXFileReference; lastKnownFileType = sourcecode.swift; path = DoubleExtensions.swift; sourceTree = "<group>"; };
		B0DF8B5520500FF100AD2539 /* LoginService.swift */ = {isa = PBXFileReference; lastKnownFileType = sourcecode.swift; path = LoginService.swift; sourceTree = "<group>"; };
		B0EED74E20574AC6008CF4D5 /* LocalAuthentication.framework */ = {isa = PBXFileReference; lastKnownFileType = wrapper.framework; name = LocalAuthentication.framework; path = System/Library/Frameworks/LocalAuthentication.framework; sourceTree = SDKROOT; };
		B0F133F220517C12000187BA /* StringExtensions.swift */ = {isa = PBXFileReference; lastKnownFileType = sourcecode.swift; path = StringExtensions.swift; sourceTree = "<group>"; };
		B0F133F420517D12000187BA /* RegisterService.swift */ = {isa = PBXFileReference; lastKnownFileType = sourcecode.swift; path = RegisterService.swift; sourceTree = "<group>"; };
		B0F133F6205182C8000187BA /* RegisterLocationViewController.swift */ = {isa = PBXFileReference; lastKnownFileType = sourcecode.swift; path = RegisterLocationViewController.swift; sourceTree = "<group>"; };
		B0F133F92051B2B2000187BA /* RegisterLocationViewModel.swift */ = {isa = PBXFileReference; lastKnownFileType = sourcecode.swift; path = RegisterLocationViewModel.swift; sourceTree = "<group>"; };
		B0FC11882063E35F008A28B8 /* WatchSessionManager.swift */ = {isa = PBXFileReference; lastKnownFileType = sourcecode.swift; path = WatchSessionManager.swift; sourceTree = "<group>"; };
		B0FC118F2063FF14008A28B8 /* NeedInfoRowController.swift */ = {isa = PBXFileReference; lastKnownFileType = sourcecode.swift; path = NeedInfoRowController.swift; sourceTree = "<group>"; };
		B0FC119320640B81008A28B8 /* NeedInfoController.swift */ = {isa = PBXFileReference; lastKnownFileType = sourcecode.swift; path = NeedInfoController.swift; sourceTree = "<group>"; };
		B0FEBC85204E3E3600982EAE /* TableViewModelable.swift */ = {isa = PBXFileReference; lastKnownFileType = sourcecode.swift; path = TableViewModelable.swift; sourceTree = "<group>"; };
		B0FEBC8A204E3F0B00982EAE /* Result.swift */ = {isa = PBXFileReference; lastKnownFileType = sourcecode.swift; path = Result.swift; sourceTree = "<group>"; };
		B0FEBC8C204E3FF200982EAE /* JSONService.swift */ = {isa = PBXFileReference; lastKnownFileType = sourcecode.swift; path = JSONService.swift; sourceTree = "<group>"; };
		B639635381868D60B36A6F4C /* Pods-Farm To Fork.debug.xcconfig */ = {isa = PBXFileReference; includeInIndex = 1; lastKnownFileType = text.xcconfig; name = "Pods-Farm To Fork.debug.xcconfig"; path = "Pods/Target Support Files/Pods-Farm To Fork/Pods-Farm To Fork.debug.xcconfig"; sourceTree = "<group>"; };
		DBC708DE4A300E226147777A /* Pods_Farm_To_Fork_For_Apple_Watch_Extension.framework */ = {isa = PBXFileReference; explicitFileType = wrapper.framework; includeInIndex = 0; path = Pods_Farm_To_Fork_For_Apple_Watch_Extension.framework; sourceTree = BUILT_PRODUCTS_DIR; };
		E2DEE6022114CE42004873B5 /* HTTPURLResponseExtensions.swift */ = {isa = PBXFileReference; lastKnownFileType = sourcecode.swift; path = HTTPURLResponseExtensions.swift; sourceTree = "<group>"; };
		E2DEE6052114D0A3004873B5 /* Errorable.swift */ = {isa = PBXFileReference; lastKnownFileType = sourcecode.swift; path = Errorable.swift; sourceTree = "<group>"; };
		F705216B0905249711BECA92 /* Pods-Farm To Fork.release.xcconfig */ = {isa = PBXFileReference; includeInIndex = 1; lastKnownFileType = text.xcconfig; name = "Pods-Farm To Fork.release.xcconfig"; path = "Pods/Target Support Files/Pods-Farm To Fork/Pods-Farm To Fork.release.xcconfig"; sourceTree = "<group>"; };
/* End PBXFileReference section */

/* Begin PBXFrameworksBuildPhase section */
		1D9B5084C988F2E1A35D33C9 /* Frameworks */ = {
			isa = PBXFrameworksBuildPhase;
			buildActionMask = 2147483647;
			files = (
			);
			runOnlyForDeploymentPostprocessing = 0;
		};
		B0001669206349BD00101744 /* Frameworks */ = {
			isa = PBXFrameworksBuildPhase;
			buildActionMask = 2147483647;
			files = (
				A9E6F4DD9398BB9A7E617144 /* Pods_Farm_To_Fork_For_Apple_Watch_Extension.framework in Frameworks */,
			);
			runOnlyForDeploymentPostprocessing = 0;
		};
		B03C07C12033BDE2001A54C6 /* Frameworks */ = {
			isa = PBXFrameworksBuildPhase;
			buildActionMask = 2147483647;
			files = (
				B0033CAF20FEC8C1009B7932 /* Intents.framework in Frameworks */,
				B0EED74F20574AC6008CF4D5 /* LocalAuthentication.framework in Frameworks */,
				B01E3D8920533D1F00106CA4 /* MapKit.framework in Frameworks */,
				070FB37A3CC51BFFDF1DEE18 /* Pods_Farm_To_Fork.framework in Frameworks */,
			);
			runOnlyForDeploymentPostprocessing = 0;
		};
/* End PBXFrameworksBuildPhase section */

/* Begin PBXGroup section */
		0B9710244F674DE8C3D8809F /* Pods */ = {
			isa = PBXGroup;
			children = (
				B639635381868D60B36A6F4C /* Pods-Farm To Fork.debug.xcconfig */,
				F705216B0905249711BECA92 /* Pods-Farm To Fork.release.xcconfig */,
				9BA17E634D638ABBCC2ADDD5 /* Pods-Farm To Fork For Apple Watch Extension.debug.xcconfig */,
				A4B6F519D0B235A2AA6A9568 /* Pods-Farm To Fork For Apple Watch Extension.release.xcconfig */,
			);
			name = Pods;
			sourceTree = "<group>";
		};
		4D91C78F0126573F42E8DEBF /* Frameworks */ = {
			isa = PBXGroup;
			children = (
				B07D2E4D210EB4CA0066E19B /* Valet.framework */,
				B0033CAE20FEC8C1009B7932 /* Intents.framework */,
				B0EED74E20574AC6008CF4D5 /* LocalAuthentication.framework */,
				B01E3D8820533D1F00106CA4 /* MapKit.framework */,
				B01FA1EA2054463600863E05 /* IntentsUI.framework */,
				1551C5C983ADC0EFB6C50AF2 /* Pods_Farm_To_Fork.framework */,
				DBC708DE4A300E226147777A /* Pods_Farm_To_Fork_For_Apple_Watch_Extension.framework */,
			);
			name = Frameworks;
			sourceTree = "<group>";
		};
		AB280A66205B609F00662D5C /* Profile */ = {
			isa = PBXGroup;
			children = (
				B044121820841A2A0088F07F /* Menu */,
				B044121920841A380088F07F /* Email */,
				ABC95049205AB8C300DC8890 /* ChangePasswordViewController.swift */,
				ABC95045205AB82C00DC8890 /* UserProfileViewController.swift */,
			);
			path = Profile;
			sourceTree = "<group>";
		};
		B0001661206349BD00101744 /* Farm To Fork For Apple Watch */ = {
			isa = PBXGroup;
			children = (
				B04B2DDD2063C582007F07EE /* Farm To Fork For Apple Watch.entitlements */,
				B0001662206349BD00101744 /* Interface.storyboard */,
				B0001665206349BD00101744 /* Assets.xcassets */,
				B0001667206349BD00101744 /* Info.plist */,
			);
			path = "Farm To Fork For Apple Watch";
			sourceTree = "<group>";
		};
		B0001670206349BD00101744 /* Farm To Fork For Apple Watch Extension */ = {
			isa = PBXGroup;
			children = (
				B04B2DDA2063C01F007F07EE /* Farm To Fork For Apple Watch Extension.entitlements */,
				B0FC118E2063FEF9008A28B8 /* Views */,
				B000168620634D3500101744 /* ViewModels */,
				B0001673206349BD00101744 /* ExtensionDelegate.swift */,
				B0001675206349BD00101744 /* NotificationController.swift */,
				B0001677206349BD00101744 /* Assets.xcassets */,
				B0001679206349BD00101744 /* Info.plist */,
				B000167A206349BD00101744 /* PushNotificationPayload.apns */,
			);
			path = "Farm To Fork For Apple Watch Extension";
			sourceTree = "<group>";
		};
		B000168620634D3500101744 /* ViewModels */ = {
			isa = PBXGroup;
			children = (
				B000168920634D7900101744 /* WatchTableViewModelable.swift */,
				B000168720634D4300101744 /* WatchNeedsViewModel.swift */,
			);
			path = ViewModels;
			sourceTree = "<group>";
		};
		B01E3D8A2053404F00106CA4 /* Startup */ = {
			isa = PBXGroup;
			children = (
				B01E3D8B2053405B00106CA4 /* StartupViewController.swift */,
			);
			path = Startup;
			sourceTree = "<group>";
		};
		B0232DD9205842AE00E22B40 /* JSON Structures */ = {
			isa = PBXGroup;
			children = (
				B0232DDC2058463E00E22B40 /* JSONAny.swift */,
			);
			path = "JSON Structures";
			sourceTree = "<group>";
		};
		B026139E205B461C0067B378 /* Needs */ = {
			isa = PBXGroup;
			children = (
				B026139F205B462A0067B378 /* NeedsViewModel.swift */,
				B0A8BFD1205F3AC300077DF7 /* PledgeDelegate.swift */,
			);
			path = Needs;
			sourceTree = "<group>";
		};
		B02A024220501AF100ABB4F9 /* Login */ = {
			isa = PBXGroup;
			children = (
				B00F9C13204F8B2500C5BC03 /* LoginViewModel.swift */,
			);
			path = Login;
			sourceTree = "<group>";
		};
		B03C07BB2033BDE2001A54C6 = {
			isa = PBXGroup;
			children = (
				B03C07C62033BDE2001A54C6 /* Farm To Fork */,
				B0001661206349BD00101744 /* Farm To Fork For Apple Watch */,
				B0001670206349BD00101744 /* Farm To Fork For Apple Watch Extension */,
				B03C07C52033BDE2001A54C6 /* Products */,
				4D91C78F0126573F42E8DEBF /* Frameworks */,
				0B9710244F674DE8C3D8809F /* Pods */,
			);
			sourceTree = "<group>";
		};
		B03C07C52033BDE2001A54C6 /* Products */ = {
			isa = PBXGroup;
			children = (
				B03C07C42033BDE2001A54C6 /* Farm To Fork.app */,
				B0001660206349BD00101744 /* Farm To Fork For Apple Watch.app */,
				B000166C206349BD00101744 /* Farm To Fork For Apple Watch Extension.appex */,
			);
			name = Products;
			sourceTree = "<group>";
		};
		B03C07C62033BDE2001A54C6 /* Farm To Fork */ = {
			isa = PBXGroup;
			children = (
				B01FA2002054468000863E05 /* Farm To Fork.entitlements */,
				B0F133FD2051B4EB000187BA /* Extensions */,
				B0CD0EA420506ED700FBE902 /* Custom Segues */,
				B071A6AC205805DC00367102 /* CustomUIElements */,
				B0A8BFCC205F16C400077DF7 /* Entities */,
				B0FEBC89204E3EED00982EAE /* Utilities */,
				B0FEBC83204E3DF000982EAE /* Views */,
				B0FEBC7D204E3DC300982EAE /* ViewModels */,
				B0FEBC80204E3DDC00982EAE /* API */,
				B03C07C72033BDE2001A54C6 /* AppDelegate.swift */,
				B0FC11882063E35F008A28B8 /* WatchSessionManager.swift */,
				B03C07CB2033BDE2001A54C6 /* Main.storyboard */,
				B03C07D12033BDE2001A54C6 /* Assets.xcassets */,
				B03C07D32033BDE2001A54C6 /* LaunchScreen.storyboard */,
				B03C07D62033BDE2001A54C6 /* Info.plist */,
			);
			path = "Farm To Fork";
			sourceTree = "<group>";
		};
		B044121820841A2A0088F07F /* Menu */ = {
			isa = PBXGroup;
			children = (
				B0C898412082D14A00E7514F /* ProfileViewController.swift */,
				B097574D2082DEAF003AAF22 /* ProfileOptionTableViewCell.swift */,
			);
			path = Menu;
			sourceTree = "<group>";
		};
		B044121920841A380088F07F /* Email */ = {
			isa = PBXGroup;
			children = (
				B044121A20841A500088F07F /* ChangeEmailViewController.swift */,
			);
			path = Email;
			sourceTree = "<group>";
		};
		B06E3EEA2069C17E003ED34C /* Searching */ = {
			isa = PBXGroup;
			children = (
				B06E3EE82069BDAD003ED34C /* LocationSearchViewController.swift */,
				B06E3EEB2069C196003ED34C /* MatchedLocationTableViewCell.swift */,
			);
			path = Searching;
			sourceTree = "<group>";
		};
		B071A6AC205805DC00367102 /* CustomUIElements */ = {
			isa = PBXGroup;
			children = (
				B071A6AA205800A300367102 /* ProgressButton.swift */,
			);
			path = CustomUIElements;
			sourceTree = "<group>";
		};
		B077904320535BBA0099AD1F /* Startup */ = {
			isa = PBXGroup;
			children = (
				B077904420535BC60099AD1F /* StartupViewModel.swift */,
			);
			path = Startup;
			sourceTree = "<group>";
		};
		B09757492082DD20003AAF22 /* Profile */ = {
			isa = PBXGroup;
			children = (
				B097574A2082DD2E003AAF22 /* ProfileViewModel.swift */,
				B048D5E620851388009BA814 /* ChangeEmailViewModel.swift */,
			);
			path = Profile;
			sourceTree = "<group>";
		};
		B0A8BFCC205F16C400077DF7 /* Entities */ = {
			isa = PBXGroup;
			children = (
				B0232DDA205842BB00E22B40 /* Location.swift */,
				B0A8BFCD205F171200077DF7 /* Need.swift */,
				B00F9C15204F8D8100C5BC03 /* User.swift */,
				B0BD371B210C1299005149FF /* PaginatedResults.swift */,
				E2DEE6052114D0A3004873B5 /* Errorable.swift */,
			);
			path = Entities;
			sourceTree = "<group>";
		};
		B0B3BFF42054BD220074DF0D /* Map */ = {
			isa = PBXGroup;
			children = (
				B06E3EEA2069C17E003ED34C /* Searching */,
				B0272DE72068885F00F8F2E2 /* EFPMarker.swift */,
				B0B3BFF52054BD330074DF0D /* MapViewController.swift */,
				B0272DE92068919000F8F2E2 /* LocationInfoViewController.swift */,
				B0DC7C6C20690A2F00E544D2 /* LocationInfoHeaderTableViewCell.swift */,
				B0DC7C722069142700E544D2 /* LocationInfoBasicTableViewCell.swift */,
				B0DC7C74206919CD00E544D2 /* LocationInfoHoursTableViewCell.swift */,
			);
			path = Map;
			sourceTree = "<group>";
		};
		B0B3BFF72054BE350074DF0D /* Map */ = {
			isa = PBXGroup;
			children = (
				B0B3BFF82054BE450074DF0D /* MapViewModel.swift */,
				B0DC7C6E20690C9200E544D2 /* LocationDelegate.swift */,
				B0554DAA2069624D00A49E74 /* LocationInfoDelegate.swift */,
				B0DC7C702069138900E544D2 /* LocationConfigurable.swift */,
				B0272DEB2068920100F8F2E2 /* LocationInfoViewModel.swift */,
			);
			path = Map;
			sourceTree = "<group>";
		};
		B0B7DA682088116600C36D40 /* TabBar */ = {
			isa = PBXGroup;
			children = (
				B0B7DA692088117700C36D40 /* TabBarViewModel.swift */,
			);
			path = TabBar;
			sourceTree = "<group>";
		};
		B0C6EC9C205971FA0064F2B5 /* Needs */ = {
			isa = PBXGroup;
			children = (
				B0C6EC9D205972150064F2B5 /* NeedsViewController.swift */,
				B02613A1205B4E1E0067B378 /* NeedItemTableViewCell.swift */,
				B0A8BFCF205F339000077DF7 /* ExpandedNeedItemTableViewCell.swift */,
			);
			path = Needs;
			sourceTree = "<group>";
		};
		B0CD0EA420506ED700FBE902 /* Custom Segues */ = {
			isa = PBXGroup;
			children = (
				B0CD0EA520506F1B00FBE902 /* RegisterAccountSegue.swift */,
				B0CD0EAC20507D2500FBE902 /* UnwindRegisterAccountSegue.swift */,
				B0A8BFC8205EFB0D00077DF7 /* LogoutSegue.swift */,
			);
			path = "Custom Segues";
			sourceTree = "<group>";
		};
		B0CD0EA92050789100FBE902 /* Register */ = {
			isa = PBXGroup;
			children = (
				B0CD0EAA205078AA00FBE902 /* RegisterViewController.swift */,
				B0F133F6205182C8000187BA /* RegisterLocationViewController.swift */,
			);
			path = Register;
			sourceTree = "<group>";
		};
		B0F133F82051B28D000187BA /* Register */ = {
			isa = PBXGroup;
			children = (
				B0ADAA16205223D900A0CD30 /* RegisterViewModel.swift */,
				B0F133F92051B2B2000187BA /* RegisterLocationViewModel.swift */,
			);
			path = Register;
			sourceTree = "<group>";
		};
		B0F133FD2051B4EB000187BA /* Extensions */ = {
			isa = PBXGroup;
			children = (
				B02A024320501BC100ABB4F9 /* ErrorExtensions.swift */,
				B0F133F220517C12000187BA /* StringExtensions.swift */,
				B0DC7C76206920F600E544D2 /* DoubleExtensions.swift */,
				B0A8BFDC205F4E7A00077DF7 /* UserDefaults.swift */,
				B0B7DA6B208813E600C36D40 /* NotificationExtensions.swift */,
				B02A024520501DB900ABB4F9 /* UIViewExtensions.swift */,
				B0ADAA1420520A2B00A0CD30 /* UIViewControllerExtensions.swift */,
				B0479C3B206A80CA009083CB /* UIDeviceExtensions.swift */,
				B044121C20841B3C0088F07F /* MFTextFieldExtensions.swift */,
				B07D2E53210EB6220066E19B /* ValetExtensions.swift */,
				E2DEE6022114CE42004873B5 /* HTTPURLResponseExtensions.swift */,
			);
			path = Extensions;
			sourceTree = "<group>";
		};
		B0FC118E2063FEF9008A28B8 /* Views */ = {
			isa = PBXGroup;
			children = (
				B0001671206349BD00101744 /* InterfaceController.swift */,
				B04B2DDB2063C1E1007F07EE /* NeedRowController.swift */,
				B0FC118F2063FF14008A28B8 /* NeedInfoRowController.swift */,
				B0FC119320640B81008A28B8 /* NeedInfoController.swift */,
			);
			path = Views;
			sourceTree = "<group>";
		};
		B0FEBC7D204E3DC300982EAE /* ViewModels */ = {
			isa = PBXGroup;
			children = (
				B0FEBC85204E3E3600982EAE /* TableViewModelable.swift */,
				B061D3652058BF1E004E7888 /* PickerViewModelable.swift */,
				B0FEBC82204E3DE900982EAE /* Implementations */,
			);
			path = ViewModels;
			sourceTree = "<group>";
		};
		B0FEBC80204E3DDC00982EAE /* API */ = {
			isa = PBXGroup;
			children = (
				B0232DD9205842AE00E22B40 /* JSON Structures */,
				B0FEBC8C204E3FF200982EAE /* JSONService.swift */,
				B0DF8B5520500FF100AD2539 /* LoginService.swift */,
				B0F133F420517D12000187BA /* RegisterService.swift */,
				AB9B39FE20617FE60088BFC4 /* UpdateUserService.swift */,
				B0B3BFF22054BCD60074DF0D /* NeedsService.swift */,
				B0232DD520583B1700E22B40 /* LocationsService.swift */,
				B0A8BFD3205F3F3F00077DF7 /* PledgeService.swift */,
			);
			path = API;
			sourceTree = "<group>";
		};
		B0FEBC82204E3DE900982EAE /* Implementations */ = {
			isa = PBXGroup;
			children = (
				B0B7DA682088116600C36D40 /* TabBar */,
				B09757492082DD20003AAF22 /* Profile */,
				B026139E205B461C0067B378 /* Needs */,
				B077904320535BBA0099AD1F /* Startup */,
				B0B3BFF72054BE350074DF0D /* Map */,
				B0F133F82051B28D000187BA /* Register */,
				B02A024220501AF100ABB4F9 /* Login */,
			);
			path = Implementations;
			sourceTree = "<group>";
		};
		B0FEBC83204E3DF000982EAE /* Views */ = {
			isa = PBXGroup;
			children = (
				B0CD0EA72050716F00FBE902 /* WallpaperWindow.swift */,
				B0B7DA6620880CF300C36D40 /* TabBarController.swift */,
				AB280A66205B609F00662D5C /* Profile */,
				B01E3D8A2053404F00106CA4 /* Startup */,
				B0CD0EA92050789100FBE902 /* Register */,
				B0FEBC84204E3E0200982EAE /* Login */,
				B0B3BFF42054BD220074DF0D /* Map */,
				B0C6EC9C205971FA0064F2B5 /* Needs */,
			);
			path = Views;
			sourceTree = "<group>";
		};
		B0FEBC84204E3E0200982EAE /* Login */ = {
			isa = PBXGroup;
			children = (
				B03C07C92033BDE2001A54C6 /* LoginViewController.swift */,
			);
			path = Login;
			sourceTree = "<group>";
		};
		B0FEBC89204E3EED00982EAE /* Utilities */ = {
			isa = PBXGroup;
			children = (
				B0FEBC8A204E3F0B00982EAE /* Result.swift */,
				B077904820535EF80099AD1F /* LoginPreferences.swift */,
				B077904620535D2A0099AD1F /* Constants.swift */,
			);
			path = Utilities;
			sourceTree = "<group>";
		};
/* End PBXGroup section */

/* Begin PBXNativeTarget section */
		B000165F206349BD00101744 /* Farm To Fork For Apple Watch */ = {
			isa = PBXNativeTarget;
			buildConfigurationList = B0001684206349BD00101744 /* Build configuration list for PBXNativeTarget "Farm To Fork For Apple Watch" */;
			buildPhases = (
				B000165E206349BD00101744 /* Resources */,
				B0001683206349BD00101744 /* Embed App Extensions */,
				1D9B5084C988F2E1A35D33C9 /* Frameworks */,
			);
			buildRules = (
			);
			dependencies = (
				B000166F206349BD00101744 /* PBXTargetDependency */,
			);
			name = "Farm To Fork For Apple Watch";
			productName = "Farm To Fork For Apple Watch";
			productReference = B0001660206349BD00101744 /* Farm To Fork For Apple Watch.app */;
			productType = "com.apple.product-type.application.watchapp2";
		};
		B000166B206349BD00101744 /* Farm To Fork For Apple Watch Extension */ = {
			isa = PBXNativeTarget;
			buildConfigurationList = B0001682206349BD00101744 /* Build configuration list for PBXNativeTarget "Farm To Fork For Apple Watch Extension" */;
			buildPhases = (
				918EEDD3123AACE3B44A8473 /* [CP] Check Pods Manifest.lock */,
				B0001668206349BD00101744 /* Sources */,
				B0001669206349BD00101744 /* Frameworks */,
				B000166A206349BD00101744 /* Resources */,
				3C787E1335D25901A635F686 /* [CP] Embed Pods Frameworks */,
			);
			buildRules = (
			);
			dependencies = (
			);
			name = "Farm To Fork For Apple Watch Extension";
			productName = "Farm To Fork For Apple Watch Extension";
			productReference = B000166C206349BD00101744 /* Farm To Fork For Apple Watch Extension.appex */;
			productType = "com.apple.product-type.watchkit2-extension";
		};
		B03C07C32033BDE2001A54C6 /* Farm To Fork */ = {
			isa = PBXNativeTarget;
			buildConfigurationList = B03C07D92033BDE2001A54C6 /* Build configuration list for PBXNativeTarget "Farm To Fork" */;
			buildPhases = (
				BD126C4B6F65DD740789393A /* [CP] Check Pods Manifest.lock */,
				B03C07C02033BDE2001A54C6 /* Sources */,
				B03C07C12033BDE2001A54C6 /* Frameworks */,
				B03C07C22033BDE2001A54C6 /* Resources */,
				B01FA1FF2054463600863E05 /* Embed App Extensions */,
				B0001685206349BD00101744 /* Embed Watch Content */,
				2EB4A3E8B297AA0C2F049C78 /* [CP] Embed Pods Frameworks */,
			);
			buildRules = (
			);
			dependencies = (
				B000167C206349BD00101744 /* PBXTargetDependency */,
			);
			name = "Farm To Fork";
			productName = "Farm To Fork";
			productReference = B03C07C42033BDE2001A54C6 /* Farm To Fork.app */;
			productType = "com.apple.product-type.application";
		};
/* End PBXNativeTarget section */

/* Begin PBXProject section */
		B03C07BC2033BDE2001A54C6 /* Project object */ = {
			isa = PBXProject;
			attributes = {
				LastSwiftUpdateCheck = 0920;
				LastUpgradeCheck = 0930;
				ORGANIZATIONNAME = "Domenic Bianchi";
				TargetAttributes = {
					B000165F206349BD00101744 = {
						CreatedOnToolsVersion = 9.2;
						ProvisioningStyle = Automatic;
						SystemCapabilities = {
							com.apple.ApplicationGroups.iOS = {
								enabled = 0;
							};
						};
					};
					B000166B206349BD00101744 = {
						CreatedOnToolsVersion = 9.2;
						LastSwiftMigration = 1000;
						ProvisioningStyle = Automatic;
						SystemCapabilities = {
							com.apple.ApplicationGroups.iOS = {
								enabled = 0;
							};
							com.apple.Maps.iOS = {
								enabled = 0;
							};
						};
					};
					B03C07C32033BDE2001A54C6 = {
						CreatedOnToolsVersion = 9.2;
						LastSwiftMigration = 1000;
						ProvisioningStyle = Automatic;
						SystemCapabilities = {
							com.apple.ApplicationGroups.iOS = {
								enabled = 1;
							};
							com.apple.BackgroundModes = {
								enabled = 1;
							};
							com.apple.Maps.iOS = {
								enabled = 1;
							};
							com.apple.Siri = {
								enabled = 1;
							};
						};
					};
				};
			};
			buildConfigurationList = B03C07BF2033BDE2001A54C6 /* Build configuration list for PBXProject "Farm To Fork" */;
			compatibilityVersion = "Xcode 8.0";
			developmentRegion = en;
			hasScannedForEncodings = 0;
			knownRegions = (
				en,
				Base,
			);
			mainGroup = B03C07BB2033BDE2001A54C6;
			productRefGroup = B03C07C52033BDE2001A54C6 /* Products */;
			projectDirPath = "";
			projectRoot = "";
			targets = (
				B03C07C32033BDE2001A54C6 /* Farm To Fork */,
				B000165F206349BD00101744 /* Farm To Fork For Apple Watch */,
				B000166B206349BD00101744 /* Farm To Fork For Apple Watch Extension */,
			);
		};
/* End PBXProject section */

/* Begin PBXResourcesBuildPhase section */
		B000165E206349BD00101744 /* Resources */ = {
			isa = PBXResourcesBuildPhase;
			buildActionMask = 2147483647;
			files = (
				B0001666206349BD00101744 /* Assets.xcassets in Resources */,
				B0001664206349BD00101744 /* Interface.storyboard in Resources */,
			);
			runOnlyForDeploymentPostprocessing = 0;
		};
		B000166A206349BD00101744 /* Resources */ = {
			isa = PBXResourcesBuildPhase;
			buildActionMask = 2147483647;
			files = (
				B0001678206349BD00101744 /* Assets.xcassets in Resources */,
			);
			runOnlyForDeploymentPostprocessing = 0;
		};
		B03C07C22033BDE2001A54C6 /* Resources */ = {
			isa = PBXResourcesBuildPhase;
			buildActionMask = 2147483647;
			files = (
				B03C07D52033BDE2001A54C6 /* LaunchScreen.storyboard in Resources */,
				B03C07D22033BDE2001A54C6 /* Assets.xcassets in Resources */,
				B03C07CD2033BDE2001A54C6 /* Main.storyboard in Resources */,
			);
			runOnlyForDeploymentPostprocessing = 0;
		};
/* End PBXResourcesBuildPhase section */

/* Begin PBXShellScriptBuildPhase section */
		2EB4A3E8B297AA0C2F049C78 /* [CP] Embed Pods Frameworks */ = {
			isa = PBXShellScriptBuildPhase;
			buildActionMask = 2147483647;
			files = (
			);
			inputPaths = (
				"${SRCROOT}/Pods/Target Support Files/Pods-Farm To Fork/Pods-Farm To Fork-frameworks.sh",
				"${BUILT_PRODUCTS_DIR}/DeviceKit/DeviceKit.framework",
				"${BUILT_PRODUCTS_DIR}/MaterialTextField/MaterialTextField.framework",
				"${BUILT_PRODUCTS_DIR}/SCLAlertView/SCLAlertView.framework",
				"${BUILT_PRODUCTS_DIR}/Valet-iOS/Valet.framework",
			);
			name = "[CP] Embed Pods Frameworks";
			outputPaths = (
				"${TARGET_BUILD_DIR}/${FRAMEWORKS_FOLDER_PATH}/DeviceKit.framework",
				"${TARGET_BUILD_DIR}/${FRAMEWORKS_FOLDER_PATH}/MaterialTextField.framework",
				"${TARGET_BUILD_DIR}/${FRAMEWORKS_FOLDER_PATH}/SCLAlertView.framework",
				"${TARGET_BUILD_DIR}/${FRAMEWORKS_FOLDER_PATH}/Valet.framework",
			);
			runOnlyForDeploymentPostprocessing = 0;
			shellPath = /bin/sh;
			shellScript = "\"${SRCROOT}/Pods/Target Support Files/Pods-Farm To Fork/Pods-Farm To Fork-frameworks.sh\"\n";
			showEnvVarsInLog = 0;
		};
		3C787E1335D25901A635F686 /* [CP] Embed Pods Frameworks */ = {
			isa = PBXShellScriptBuildPhase;
			buildActionMask = 2147483647;
			files = (
			);
			inputPaths = (
				"${SRCROOT}/Pods/Target Support Files/Pods-Farm To Fork For Apple Watch Extension/Pods-Farm To Fork For Apple Watch Extension-frameworks.sh",
				"${BUILT_PRODUCTS_DIR}/Valet-watchOS/Valet.framework",
			);
			name = "[CP] Embed Pods Frameworks";
			outputPaths = (
				"${TARGET_BUILD_DIR}/${FRAMEWORKS_FOLDER_PATH}/Valet.framework",
			);
			runOnlyForDeploymentPostprocessing = 0;
			shellPath = /bin/sh;
			shellScript = "\"${SRCROOT}/Pods/Target Support Files/Pods-Farm To Fork For Apple Watch Extension/Pods-Farm To Fork For Apple Watch Extension-frameworks.sh\"\n";
			showEnvVarsInLog = 0;
		};
		918EEDD3123AACE3B44A8473 /* [CP] Check Pods Manifest.lock */ = {
			isa = PBXShellScriptBuildPhase;
			buildActionMask = 2147483647;
			files = (
			);
			inputPaths = (
				"${PODS_PODFILE_DIR_PATH}/Podfile.lock",
				"${PODS_ROOT}/Manifest.lock",
			);
			name = "[CP] Check Pods Manifest.lock";
			outputPaths = (
				"$(DERIVED_FILE_DIR)/Pods-Farm To Fork For Apple Watch Extension-checkManifestLockResult.txt",
			);
			runOnlyForDeploymentPostprocessing = 0;
			shellPath = /bin/sh;
			shellScript = "diff \"${PODS_PODFILE_DIR_PATH}/Podfile.lock\" \"${PODS_ROOT}/Manifest.lock\" > /dev/null\nif [ $? != 0 ] ; then\n    # print error to STDERR\n    echo \"error: The sandbox is not in sync with the Podfile.lock. Run 'pod install' or update your CocoaPods installation.\" >&2\n    exit 1\nfi\n# This output is used by Xcode 'outputs' to avoid re-running this script phase.\necho \"SUCCESS\" > \"${SCRIPT_OUTPUT_FILE_0}\"\n";
			showEnvVarsInLog = 0;
		};
		BD126C4B6F65DD740789393A /* [CP] Check Pods Manifest.lock */ = {
			isa = PBXShellScriptBuildPhase;
			buildActionMask = 2147483647;
			files = (
			);
			inputPaths = (
				"${PODS_PODFILE_DIR_PATH}/Podfile.lock",
				"${PODS_ROOT}/Manifest.lock",
			);
			name = "[CP] Check Pods Manifest.lock";
			outputPaths = (
				"$(DERIVED_FILE_DIR)/Pods-Farm To Fork-checkManifestLockResult.txt",
			);
			runOnlyForDeploymentPostprocessing = 0;
			shellPath = /bin/sh;
			shellScript = "diff \"${PODS_PODFILE_DIR_PATH}/Podfile.lock\" \"${PODS_ROOT}/Manifest.lock\" > /dev/null\nif [ $? != 0 ] ; then\n    # print error to STDERR\n    echo \"error: The sandbox is not in sync with the Podfile.lock. Run 'pod install' or update your CocoaPods installation.\" >&2\n    exit 1\nfi\n# This output is used by Xcode 'outputs' to avoid re-running this script phase.\necho \"SUCCESS\" > \"${SCRIPT_OUTPUT_FILE_0}\"\n";
			showEnvVarsInLog = 0;
		};
/* End PBXShellScriptBuildPhase section */

/* Begin PBXSourcesBuildPhase section */
		B0001668206349BD00101744 /* Sources */ = {
			isa = PBXSourcesBuildPhase;
			buildActionMask = 2147483647;
			files = (
				B0FC119420640B81008A28B8 /* NeedInfoController.swift in Sources */,
				B000169120634F1C00101744 /* StringExtensions.swift in Sources */,
				E2DEE6042114CEEE004873B5 /* HTTPURLResponseExtensions.swift in Sources */,
				B0001676206349BD00101744 /* NotificationController.swift in Sources */,
				B04B2DDC2063C1E1007F07EE /* NeedRowController.swift in Sources */,
				B07D2E55210EB9A60066E19B /* ValetExtensions.swift in Sources */,
				B000168B20634E2C00101744 /* Need.swift in Sources */,
				B0FC118C2063F74E008A28B8 /* UserDefaults.swift in Sources */,
				B0FC118D2063FDF0008A28B8 /* ErrorExtensions.swift in Sources */,
				B0001674206349BD00101744 /* ExtensionDelegate.swift in Sources */,
				B0FC11902063FF14008A28B8 /* NeedInfoRowController.swift in Sources */,
				B000168E20634F0000101744 /* NeedsService.swift in Sources */,
				B0D0423E2065E187007DE107 /* LocationsService.swift in Sources */,
				B000168A20634D7900101744 /* WatchTableViewModelable.swift in Sources */,
				B000168C20634EBF00101744 /* Result.swift in Sources */,
				B0D0423F2065E192007DE107 /* Location.swift in Sources */,
				B000168820634D4300101744 /* WatchNeedsViewModel.swift in Sources */,
				B0FC118B2063F731008A28B8 /* WatchSessionManager.swift in Sources */,
				B0001672206349BD00101744 /* InterfaceController.swift in Sources */,
				B04B2DD92063C011007F07EE /* Constants.swift in Sources */,
				B000168F20634F0A00101744 /* JSONAny.swift in Sources */,
				E2DEE6072114D13F004873B5 /* Errorable.swift in Sources */,
				B000168D20634EFD00101744 /* JSONService.swift in Sources */,
			);
			runOnlyForDeploymentPostprocessing = 0;
		};
		B03C07C02033BDE2001A54C6 /* Sources */ = {
			isa = PBXSourcesBuildPhase;
			buildActionMask = 2147483647;
			files = (
				B0B7DA6720880CF300C36D40 /* TabBarController.swift in Sources */,
				B0F133FA2051B2B2000187BA /* RegisterLocationViewModel.swift in Sources */,
				B02613A0205B462A0067B378 /* NeedsViewModel.swift in Sources */,
				B0BD371C210C1299005149FF /* PaginatedResults.swift in Sources */,
				B07D2E54210EB6220066E19B /* ValetExtensions.swift in Sources */,
				ABC95046205AB82C00DC8890 /* UserProfileViewController.swift in Sources */,
				B0FEBC8B204E3F0B00982EAE /* Result.swift in Sources */,
				B0DC7C77206920F600E544D2 /* DoubleExtensions.swift in Sources */,
				B0232DDB205842BB00E22B40 /* Location.swift in Sources */,
				B0FEBC8D204E3FF200982EAE /* JSONService.swift in Sources */,
				B03C07CA2033BDE2001A54C6 /* LoginViewController.swift in Sources */,
				B02A024420501BC100ABB4F9 /* ErrorExtensions.swift in Sources */,
				B0DF8B5620500FF100AD2539 /* LoginService.swift in Sources */,
				B0272DEA2068919000F8F2E2 /* LocationInfoViewController.swift in Sources */,
				B02613A2205B4E1E0067B378 /* NeedItemTableViewCell.swift in Sources */,
				B097574B2082DD2E003AAF22 /* ProfileViewModel.swift in Sources */,
				B077904720535D2A0099AD1F /* Constants.swift in Sources */,
				B0F133F520517D12000187BA /* RegisterService.swift in Sources */,
				ABC9504A205AB8C300DC8890 /* ChangePasswordViewController.swift in Sources */,
				B097574E2082DEAF003AAF22 /* ProfileOptionTableViewCell.swift in Sources */,
				B0CD0EAD20507D2500FBE902 /* UnwindRegisterAccountSegue.swift in Sources */,
				B0A8BFDD205F4E7A00077DF7 /* UserDefaults.swift in Sources */,
				B0232DDD2058463E00E22B40 /* JSONAny.swift in Sources */,
				B0CD0EAB205078AA00FBE902 /* RegisterViewController.swift in Sources */,
				B0232DD620583B1700E22B40 /* LocationsService.swift in Sources */,
				B0DC7C75206919CD00E544D2 /* LocationInfoHoursTableViewCell.swift in Sources */,
				B0C898422082D14A00E7514F /* ProfileViewController.swift in Sources */,
				B0DC7C732069142700E544D2 /* LocationInfoBasicTableViewCell.swift in Sources */,
				B0A8BFCE205F171200077DF7 /* Need.swift in Sources */,
				B0CD0EA620506F1B00FBE902 /* RegisterAccountSegue.swift in Sources */,
				B0B3BFF92054BE450074DF0D /* MapViewModel.swift in Sources */,
				B077904920535EF80099AD1F /* LoginPreferences.swift in Sources */,
				E2DEE6062114D0A3004873B5 /* Errorable.swift in Sources */,
				B0272DEC2068920100F8F2E2 /* LocationInfoViewModel.swift in Sources */,
				B06E3EEC2069C196003ED34C /* MatchedLocationTableViewCell.swift in Sources */,
				B00F9C16204F8D8100C5BC03 /* User.swift in Sources */,
				B061D3662058BF1E004E7888 /* PickerViewModelable.swift in Sources */,
				B0DC7C6D20690A2F00E544D2 /* LocationInfoHeaderTableViewCell.swift in Sources */,
				B0C6EC9E205972150064F2B5 /* NeedsViewController.swift in Sources */,
				B0B3BFF32054BCD60074DF0D /* NeedsService.swift in Sources */,
				B0F133F7205182C8000187BA /* RegisterLocationViewController.swift in Sources */,
				B0ADAA1520520A2B00A0CD30 /* UIViewControllerExtensions.swift in Sources */,
				B00F9C14204F8B2500C5BC03 /* LoginViewModel.swift in Sources */,
				B048D5E720851388009BA814 /* ChangeEmailViewModel.swift in Sources */,
				B044121B20841A500088F07F /* ChangeEmailViewController.swift in Sources */,
				B0554DAB2069624D00A49E74 /* LocationInfoDelegate.swift in Sources */,
				B0ADAA17205223D900A0CD30 /* RegisterViewModel.swift in Sources */,
				B01E3D8C2053405B00106CA4 /* StartupViewController.swift in Sources */,
				B077904520535BC60099AD1F /* StartupViewModel.swift in Sources */,
				B0A8BFD2205F3AC300077DF7 /* PledgeDelegate.swift in Sources */,
				B03C07C82033BDE2001A54C6 /* AppDelegate.swift in Sources */,
				B0B7DA6C208813E600C36D40 /* NotificationExtensions.swift in Sources */,
				B0B3BFF62054BD330074DF0D /* MapViewController.swift in Sources */,
				B06E3EE92069BDAD003ED34C /* LocationSearchViewController.swift in Sources */,
				B0A8BFD4205F3F3F00077DF7 /* PledgeService.swift in Sources */,
				B02A024620501DB900ABB4F9 /* UIViewExtensions.swift in Sources */,
				B0272DE82068885F00F8F2E2 /* EFPMarker.swift in Sources */,
				B0479C3C206A80CA009083CB /* UIDeviceExtensions.swift in Sources */,
				B0B7DA6A2088117700C36D40 /* TabBarViewModel.swift in Sources */,
				E2DEE6032114CE42004873B5 /* HTTPURLResponseExtensions.swift in Sources */,
				B044121D20841B3C0088F07F /* MFTextFieldExtensions.swift in Sources */,
				AB9B39FF20617FE60088BFC4 /* UpdateUserService.swift in Sources */,
				B0FEBC86204E3E3600982EAE /* TableViewModelable.swift in Sources */,
				B0FC11892063E35F008A28B8 /* WatchSessionManager.swift in Sources */,
				B071A6AB205800A300367102 /* ProgressButton.swift in Sources */,
				B0CD0EA82050716F00FBE902 /* WallpaperWindow.swift in Sources */,
				B0F133F320517C12000187BA /* StringExtensions.swift in Sources */,
				B0DC7C712069138900E544D2 /* LocationConfigurable.swift in Sources */,
				B0DC7C6F20690C9200E544D2 /* LocationDelegate.swift in Sources */,
				B0A8BFC9205EFB0D00077DF7 /* LogoutSegue.swift in Sources */,
				B0A8BFD0205F339000077DF7 /* ExpandedNeedItemTableViewCell.swift in Sources */,
			);
			runOnlyForDeploymentPostprocessing = 0;
		};
/* End PBXSourcesBuildPhase section */

/* Begin PBXTargetDependency section */
		B000166F206349BD00101744 /* PBXTargetDependency */ = {
			isa = PBXTargetDependency;
			target = B000166B206349BD00101744 /* Farm To Fork For Apple Watch Extension */;
			targetProxy = B000166E206349BD00101744 /* PBXContainerItemProxy */;
		};
		B000167C206349BD00101744 /* PBXTargetDependency */ = {
			isa = PBXTargetDependency;
			target = B000165F206349BD00101744 /* Farm To Fork For Apple Watch */;
			targetProxy = B000167B206349BD00101744 /* PBXContainerItemProxy */;
		};
/* End PBXTargetDependency section */

/* Begin PBXVariantGroup section */
		B0001662206349BD00101744 /* Interface.storyboard */ = {
			isa = PBXVariantGroup;
			children = (
				B0001663206349BD00101744 /* Base */,
			);
			name = Interface.storyboard;
			sourceTree = "<group>";
		};
		B03C07CB2033BDE2001A54C6 /* Main.storyboard */ = {
			isa = PBXVariantGroup;
			children = (
				B03C07CC2033BDE2001A54C6 /* Base */,
			);
			name = Main.storyboard;
			sourceTree = "<group>";
		};
		B03C07D32033BDE2001A54C6 /* LaunchScreen.storyboard */ = {
			isa = PBXVariantGroup;
			children = (
				B03C07D42033BDE2001A54C6 /* Base */,
			);
			name = LaunchScreen.storyboard;
			sourceTree = "<group>";
		};
/* End PBXVariantGroup section */

/* Begin XCBuildConfiguration section */
		B000167E206349BD00101744 /* Debug */ = {
			isa = XCBuildConfiguration;
			buildSettings = {
				ALWAYS_EMBED_SWIFT_STANDARD_LIBRARIES = YES;
				ASSETCATALOG_COMPILER_APPICON_NAME = AppIcon;
				CODE_SIGN_IDENTITY = "iPhone Developer";
				CODE_SIGN_STYLE = Automatic;
				DEVELOPMENT_TEAM = 667D8S5SPP;
				IBSC_MODULE = Farm_To_Fork_For_Apple_Watch_Extension;
				INFOPLIST_FILE = "Farm To Fork For Apple Watch/Info.plist";
				PRODUCT_BUNDLE_IDENTIFIER = com.domenic.bianchi.FarmToFork.watchkitapp;
				PRODUCT_NAME = "$(TARGET_NAME)";
				PROVISIONING_PROFILE_SPECIFIER = "";
				SDKROOT = watchos;
				SKIP_INSTALL = YES;
				SWIFT_VERSION = 4.0;
				TARGETED_DEVICE_FAMILY = 4;
				WATCHOS_DEPLOYMENT_TARGET = 4.0;
			};
			name = Debug;
		};
		B000167F206349BD00101744 /* Release */ = {
			isa = XCBuildConfiguration;
			buildSettings = {
				ALWAYS_EMBED_SWIFT_STANDARD_LIBRARIES = YES;
				ASSETCATALOG_COMPILER_APPICON_NAME = AppIcon;
				CODE_SIGN_IDENTITY = "iPhone Developer";
				CODE_SIGN_STYLE = Automatic;
				DEVELOPMENT_TEAM = 667D8S5SPP;
				IBSC_MODULE = Farm_To_Fork_For_Apple_Watch_Extension;
				INFOPLIST_FILE = "Farm To Fork For Apple Watch/Info.plist";
				PRODUCT_BUNDLE_IDENTIFIER = com.domenic.bianchi.FarmToFork.watchkitapp;
				PRODUCT_NAME = "$(TARGET_NAME)";
				PROVISIONING_PROFILE_SPECIFIER = "";
				SDKROOT = watchos;
				SKIP_INSTALL = YES;
				SWIFT_VERSION = 4.0;
				TARGETED_DEVICE_FAMILY = 4;
				WATCHOS_DEPLOYMENT_TARGET = 4.0;
			};
			name = Release;
		};
		B0001680206349BD00101744 /* Debug */ = {
			isa = XCBuildConfiguration;
			baseConfigurationReference = 9BA17E634D638ABBCC2ADDD5 /* Pods-Farm To Fork For Apple Watch Extension.debug.xcconfig */;
			buildSettings = {
				ASSETCATALOG_COMPILER_COMPLICATION_NAME = Complication;
				CODE_SIGN_STYLE = Automatic;
				DEVELOPMENT_TEAM = 667D8S5SPP;
				INFOPLIST_FILE = "Farm To Fork For Apple Watch Extension/Info.plist";
				LD_RUNPATH_SEARCH_PATHS = "$(inherited) @executable_path/Frameworks @executable_path/../../Frameworks";
				PRODUCT_BUNDLE_IDENTIFIER = com.domenic.bianchi.FarmToFork.watchkitapp.watchkitextension;
				PRODUCT_NAME = "${TARGET_NAME}";
				SDKROOT = watchos;
				SKIP_INSTALL = YES;
				SWIFT_VERSION = 4.2;
				TARGETED_DEVICE_FAMILY = 4;
				WATCHOS_DEPLOYMENT_TARGET = 4.0;
			};
			name = Debug;
		};
		B0001681206349BD00101744 /* Release */ = {
			isa = XCBuildConfiguration;
			baseConfigurationReference = A4B6F519D0B235A2AA6A9568 /* Pods-Farm To Fork For Apple Watch Extension.release.xcconfig */;
			buildSettings = {
				ASSETCATALOG_COMPILER_COMPLICATION_NAME = Complication;
				CODE_SIGN_STYLE = Automatic;
				DEVELOPMENT_TEAM = 667D8S5SPP;
				INFOPLIST_FILE = "Farm To Fork For Apple Watch Extension/Info.plist";
				LD_RUNPATH_SEARCH_PATHS = "$(inherited) @executable_path/Frameworks @executable_path/../../Frameworks";
				PRODUCT_BUNDLE_IDENTIFIER = com.domenic.bianchi.FarmToFork.watchkitapp.watchkitextension;
				PRODUCT_NAME = "${TARGET_NAME}";
				SDKROOT = watchos;
				SKIP_INSTALL = YES;
				SWIFT_VERSION = 4.2;
				TARGETED_DEVICE_FAMILY = 4;
				WATCHOS_DEPLOYMENT_TARGET = 4.0;
			};
			name = Release;
		};
		B03C07D72033BDE2001A54C6 /* Debug */ = {
			isa = XCBuildConfiguration;
			buildSettings = {
				ALWAYS_SEARCH_USER_PATHS = NO;
				CLANG_ANALYZER_NONNULL = YES;
				CLANG_ANALYZER_NUMBER_OBJECT_CONVERSION = YES_AGGRESSIVE;
				CLANG_CXX_LANGUAGE_STANDARD = "gnu++14";
				CLANG_CXX_LIBRARY = "libc++";
				CLANG_ENABLE_MODULES = YES;
				CLANG_ENABLE_OBJC_ARC = YES;
				CLANG_WARN_BLOCK_CAPTURE_AUTORELEASING = YES;
				CLANG_WARN_BOOL_CONVERSION = YES;
				CLANG_WARN_COMMA = YES;
				CLANG_WARN_CONSTANT_CONVERSION = YES;
				CLANG_WARN_DEPRECATED_OBJC_IMPLEMENTATIONS = YES;
				CLANG_WARN_DIRECT_OBJC_ISA_USAGE = YES_ERROR;
				CLANG_WARN_DOCUMENTATION_COMMENTS = YES;
				CLANG_WARN_EMPTY_BODY = YES;
				CLANG_WARN_ENUM_CONVERSION = YES;
				CLANG_WARN_INFINITE_RECURSION = YES;
				CLANG_WARN_INT_CONVERSION = YES;
				CLANG_WARN_NON_LITERAL_NULL_CONVERSION = YES;
				CLANG_WARN_OBJC_IMPLICIT_RETAIN_SELF = YES;
				CLANG_WARN_OBJC_LITERAL_CONVERSION = YES;
				CLANG_WARN_OBJC_ROOT_CLASS = YES_ERROR;
				CLANG_WARN_RANGE_LOOP_ANALYSIS = YES;
				CLANG_WARN_STRICT_PROTOTYPES = YES;
				CLANG_WARN_SUSPICIOUS_MOVE = YES;
				CLANG_WARN_UNGUARDED_AVAILABILITY = YES_AGGRESSIVE;
				CLANG_WARN_UNREACHABLE_CODE = YES;
				CLANG_WARN__DUPLICATE_METHOD_MATCH = YES;
				CODE_SIGN_IDENTITY = "iPhone Developer";
				COPY_PHASE_STRIP = NO;
				DEBUG_INFORMATION_FORMAT = dwarf;
				ENABLE_STRICT_OBJC_MSGSEND = YES;
				ENABLE_TESTABILITY = YES;
				GCC_C_LANGUAGE_STANDARD = gnu11;
				GCC_DYNAMIC_NO_PIC = NO;
				GCC_NO_COMMON_BLOCKS = YES;
				GCC_OPTIMIZATION_LEVEL = 0;
				GCC_PREPROCESSOR_DEFINITIONS = (
					"DEBUG=1",
					"$(inherited)",
				);
				GCC_WARN_64_TO_32_BIT_CONVERSION = YES;
				GCC_WARN_ABOUT_RETURN_TYPE = YES_ERROR;
				GCC_WARN_UNDECLARED_SELECTOR = YES;
				GCC_WARN_UNINITIALIZED_AUTOS = YES_AGGRESSIVE;
				GCC_WARN_UNUSED_FUNCTION = YES;
				GCC_WARN_UNUSED_VARIABLE = YES;
				IPHONEOS_DEPLOYMENT_TARGET = 10.0;
				MTL_ENABLE_DEBUG_INFO = YES;
				ONLY_ACTIVE_ARCH = YES;
				SDKROOT = iphoneos;
				SWIFT_ACTIVE_COMPILATION_CONDITIONS = DEBUG;
				SWIFT_OPTIMIZATION_LEVEL = "-Onone";
			};
			name = Debug;
		};
		B03C07D82033BDE2001A54C6 /* Release */ = {
			isa = XCBuildConfiguration;
			buildSettings = {
				ALWAYS_SEARCH_USER_PATHS = NO;
				CLANG_ANALYZER_NONNULL = YES;
				CLANG_ANALYZER_NUMBER_OBJECT_CONVERSION = YES_AGGRESSIVE;
				CLANG_CXX_LANGUAGE_STANDARD = "gnu++14";
				CLANG_CXX_LIBRARY = "libc++";
				CLANG_ENABLE_MODULES = YES;
				CLANG_ENABLE_OBJC_ARC = YES;
				CLANG_WARN_BLOCK_CAPTURE_AUTORELEASING = YES;
				CLANG_WARN_BOOL_CONVERSION = YES;
				CLANG_WARN_COMMA = YES;
				CLANG_WARN_CONSTANT_CONVERSION = YES;
				CLANG_WARN_DEPRECATED_OBJC_IMPLEMENTATIONS = YES;
				CLANG_WARN_DIRECT_OBJC_ISA_USAGE = YES_ERROR;
				CLANG_WARN_DOCUMENTATION_COMMENTS = YES;
				CLANG_WARN_EMPTY_BODY = YES;
				CLANG_WARN_ENUM_CONVERSION = YES;
				CLANG_WARN_INFINITE_RECURSION = YES;
				CLANG_WARN_INT_CONVERSION = YES;
				CLANG_WARN_NON_LITERAL_NULL_CONVERSION = YES;
				CLANG_WARN_OBJC_IMPLICIT_RETAIN_SELF = YES;
				CLANG_WARN_OBJC_LITERAL_CONVERSION = YES;
				CLANG_WARN_OBJC_ROOT_CLASS = YES_ERROR;
				CLANG_WARN_RANGE_LOOP_ANALYSIS = YES;
				CLANG_WARN_STRICT_PROTOTYPES = YES;
				CLANG_WARN_SUSPICIOUS_MOVE = YES;
				CLANG_WARN_UNGUARDED_AVAILABILITY = YES_AGGRESSIVE;
				CLANG_WARN_UNREACHABLE_CODE = YES;
				CLANG_WARN__DUPLICATE_METHOD_MATCH = YES;
				CODE_SIGN_IDENTITY = "iPhone Developer";
				COPY_PHASE_STRIP = NO;
				DEBUG_INFORMATION_FORMAT = "dwarf-with-dsym";
				ENABLE_NS_ASSERTIONS = NO;
				ENABLE_STRICT_OBJC_MSGSEND = YES;
				GCC_C_LANGUAGE_STANDARD = gnu11;
				GCC_NO_COMMON_BLOCKS = YES;
				GCC_PREPROCESSOR_DEFINITIONS = "";
				GCC_WARN_64_TO_32_BIT_CONVERSION = YES;
				GCC_WARN_ABOUT_RETURN_TYPE = YES_ERROR;
				GCC_WARN_UNDECLARED_SELECTOR = YES;
				GCC_WARN_UNINITIALIZED_AUTOS = YES_AGGRESSIVE;
				GCC_WARN_UNUSED_FUNCTION = YES;
				GCC_WARN_UNUSED_VARIABLE = YES;
				IPHONEOS_DEPLOYMENT_TARGET = 10.0;
				MTL_ENABLE_DEBUG_INFO = NO;
				SDKROOT = iphoneos;
				SWIFT_OPTIMIZATION_LEVEL = "-Owholemodule";
				VALIDATE_PRODUCT = YES;
			};
			name = Release;
		};
		B03C07DA2033BDE2001A54C6 /* Debug */ = {
			isa = XCBuildConfiguration;
			baseConfigurationReference = B639635381868D60B36A6F4C /* Pods-Farm To Fork.debug.xcconfig */;
			buildSettings = {
				ALWAYS_EMBED_SWIFT_STANDARD_LIBRARIES = YES;
				ASSETCATALOG_COMPILER_APPICON_NAME = AppIcon;
				CODE_SIGN_ENTITLEMENTS = "Farm To Fork/Farm To Fork.entitlements";
				CODE_SIGN_IDENTITY = "iPhone Developer";
				CODE_SIGN_STYLE = Automatic;
				DEVELOPMENT_TEAM = 667D8S5SPP;
				INFOPLIST_FILE = "Farm To Fork/Info.plist";
				IPHONEOS_DEPLOYMENT_TARGET = 11.0;
				LD_RUNPATH_SEARCH_PATHS = "$(inherited) @executable_path/Frameworks";
				PRODUCT_BUNDLE_IDENTIFIER = com.domenic.bianchi.FarmToFork;
				PRODUCT_NAME = "$(TARGET_NAME)";
				PROVISIONING_PROFILE_SPECIFIER = "";
				SWIFT_VERSION = 4.2;
				TARGETED_DEVICE_FAMILY = "1,2";
			};
			name = Debug;
		};
		B03C07DB2033BDE2001A54C6 /* Release */ = {
			isa = XCBuildConfiguration;
			baseConfigurationReference = F705216B0905249711BECA92 /* Pods-Farm To Fork.release.xcconfig */;
			buildSettings = {
				ALWAYS_EMBED_SWIFT_STANDARD_LIBRARIES = YES;
				ASSETCATALOG_COMPILER_APPICON_NAME = AppIcon;
				CODE_SIGN_ENTITLEMENTS = "Farm To Fork/Farm To Fork.entitlements";
				CODE_SIGN_IDENTITY = "iPhone Developer";
				CODE_SIGN_STYLE = Automatic;
				DEVELOPMENT_TEAM = 667D8S5SPP;
				INFOPLIST_FILE = "Farm To Fork/Info.plist";
				IPHONEOS_DEPLOYMENT_TARGET = 11.0;
				LD_RUNPATH_SEARCH_PATHS = "$(inherited) @executable_path/Frameworks";
				PRODUCT_BUNDLE_IDENTIFIER = com.domenic.bianchi.FarmToFork;
				PRODUCT_NAME = "$(TARGET_NAME)";
				PROVISIONING_PROFILE_SPECIFIER = "";
				SWIFT_VERSION = 4.2;
				TARGETED_DEVICE_FAMILY = "1,2";
			};
			name = Release;
		};
/* End XCBuildConfiguration section */

/* Begin XCConfigurationList section */
		B0001682206349BD00101744 /* Build configuration list for PBXNativeTarget "Farm To Fork For Apple Watch Extension" */ = {
			isa = XCConfigurationList;
			buildConfigurations = (
				B0001680206349BD00101744 /* Debug */,
				B0001681206349BD00101744 /* Release */,
			);
			defaultConfigurationIsVisible = 0;
			defaultConfigurationName = Release;
		};
		B0001684206349BD00101744 /* Build configuration list for PBXNativeTarget "Farm To Fork For Apple Watch" */ = {
			isa = XCConfigurationList;
			buildConfigurations = (
				B000167E206349BD00101744 /* Debug */,
				B000167F206349BD00101744 /* Release */,
			);
			defaultConfigurationIsVisible = 0;
			defaultConfigurationName = Release;
		};
		B03C07BF2033BDE2001A54C6 /* Build configuration list for PBXProject "Farm To Fork" */ = {
			isa = XCConfigurationList;
			buildConfigurations = (
				B03C07D72033BDE2001A54C6 /* Debug */,
				B03C07D82033BDE2001A54C6 /* Release */,
			);
			defaultConfigurationIsVisible = 0;
			defaultConfigurationName = Release;
		};
		B03C07D92033BDE2001A54C6 /* Build configuration list for PBXNativeTarget "Farm To Fork" */ = {
			isa = XCConfigurationList;
			buildConfigurations = (
				B03C07DA2033BDE2001A54C6 /* Debug */,
				B03C07DB2033BDE2001A54C6 /* Release */,
			);
			defaultConfigurationIsVisible = 0;
			defaultConfigurationName = Release;
		};
/* End XCConfigurationList section */
	};
	rootObject = B03C07BC2033BDE2001A54C6 /* Project object */;
}
