// !$*UTF8*$!
{
	archiveVersion = 1;
	classes = {
	};
	objectVersion = 48;
	objects = {

/* Begin PBXBuildFile section */
		42C53CB3E76A75DC0051F220 /* Pods_Farm_To_Fork.framework in Frameworks */ = {isa = PBXBuildFile; fileRef = 5D0A9CF5A462CEA72738E915 /* Pods_Farm_To_Fork.framework */; };
		B0039E112052B77E004662EA /* DataError.swift in Sources */ = {isa = PBXBuildFile; fileRef = B0039E102052B77E004662EA /* DataError.swift */; };
		B00F9C14204F8B2500C5BC03 /* LoginViewModel.swift in Sources */ = {isa = PBXBuildFile; fileRef = B00F9C13204F8B2500C5BC03 /* LoginViewModel.swift */; };
		B00F9C16204F8D8100C5BC03 /* User.swift in Sources */ = {isa = PBXBuildFile; fileRef = B00F9C15204F8D8100C5BC03 /* User.swift */; };
		B02A024120501A7100ABB4F9 /* RequestType.swift in Sources */ = {isa = PBXBuildFile; fileRef = B02A024020501A7100ABB4F9 /* RequestType.swift */; };
		B02A024420501BC100ABB4F9 /* ErrorExtensions.swift in Sources */ = {isa = PBXBuildFile; fileRef = B02A024320501BC100ABB4F9 /* ErrorExtensions.swift */; };
		B02A024620501DB900ABB4F9 /* UIViewExtensions.swift in Sources */ = {isa = PBXBuildFile; fileRef = B02A024520501DB900ABB4F9 /* UIViewExtensions.swift */; };
		B03C07C82033BDE2001A54C6 /* AppDelegate.swift in Sources */ = {isa = PBXBuildFile; fileRef = B03C07C72033BDE2001A54C6 /* AppDelegate.swift */; };
		B03C07CA2033BDE2001A54C6 /* LoginViewController.swift in Sources */ = {isa = PBXBuildFile; fileRef = B03C07C92033BDE2001A54C6 /* LoginViewController.swift */; };
		B03C07CD2033BDE2001A54C6 /* Main.storyboard in Resources */ = {isa = PBXBuildFile; fileRef = B03C07CB2033BDE2001A54C6 /* Main.storyboard */; };
		B03C07D02033BDE2001A54C6 /* Farm_To_Fork.xcdatamodeld in Sources */ = {isa = PBXBuildFile; fileRef = B03C07CE2033BDE2001A54C6 /* Farm_To_Fork.xcdatamodeld */; };
		B03C07D22033BDE2001A54C6 /* Assets.xcassets in Resources */ = {isa = PBXBuildFile; fileRef = B03C07D12033BDE2001A54C6 /* Assets.xcassets */; };
		B03C07D52033BDE2001A54C6 /* LaunchScreen.storyboard in Resources */ = {isa = PBXBuildFile; fileRef = B03C07D32033BDE2001A54C6 /* LaunchScreen.storyboard */; };
		B0ADAA1520520A2B00A0CD30 /* UIViewControllerExtensions.swift in Sources */ = {isa = PBXBuildFile; fileRef = B0ADAA1420520A2B00A0CD30 /* UIViewControllerExtensions.swift */; };
		B0ADAA17205223D900A0CD30 /* RegisterViewModel.swift in Sources */ = {isa = PBXBuildFile; fileRef = B0ADAA16205223D900A0CD30 /* RegisterViewModel.swift */; };
		B0CD0EA620506F1B00FBE902 /* RegisterAccountSegue.swift in Sources */ = {isa = PBXBuildFile; fileRef = B0CD0EA520506F1B00FBE902 /* RegisterAccountSegue.swift */; };
		B0CD0EA82050716F00FBE902 /* WallpaperWindow.swift in Sources */ = {isa = PBXBuildFile; fileRef = B0CD0EA72050716F00FBE902 /* WallpaperWindow.swift */; };
		B0CD0EAB205078AA00FBE902 /* RegisterViewController.swift in Sources */ = {isa = PBXBuildFile; fileRef = B0CD0EAA205078AA00FBE902 /* RegisterViewController.swift */; };
		B0CD0EAD20507D2500FBE902 /* UnwindRegisterAccountSegue.swift in Sources */ = {isa = PBXBuildFile; fileRef = B0CD0EAC20507D2500FBE902 /* UnwindRegisterAccountSegue.swift */; };
		B0DF8B5620500FF100AD2539 /* LoginService.swift in Sources */ = {isa = PBXBuildFile; fileRef = B0DF8B5520500FF100AD2539 /* LoginService.swift */; };
		B0F133F320517C12000187BA /* StringExtensions.swift in Sources */ = {isa = PBXBuildFile; fileRef = B0F133F220517C12000187BA /* StringExtensions.swift */; };
		B0F133F520517D12000187BA /* RegisterService.swift in Sources */ = {isa = PBXBuildFile; fileRef = B0F133F420517D12000187BA /* RegisterService.swift */; };
		B0F133F7205182C8000187BA /* RegisterLocationViewController.swift in Sources */ = {isa = PBXBuildFile; fileRef = B0F133F6205182C8000187BA /* RegisterLocationViewController.swift */; };
		B0F133FA2051B2B2000187BA /* RegisterLocationViewModel.swift in Sources */ = {isa = PBXBuildFile; fileRef = B0F133F92051B2B2000187BA /* RegisterLocationViewModel.swift */; };
		B0FEBC86204E3E3600982EAE /* TableViewModelable.swift in Sources */ = {isa = PBXBuildFile; fileRef = B0FEBC85204E3E3600982EAE /* TableViewModelable.swift */; };
		B0FEBC8B204E3F0B00982EAE /* Result.swift in Sources */ = {isa = PBXBuildFile; fileRef = B0FEBC8A204E3F0B00982EAE /* Result.swift */; };
		B0FEBC8D204E3FF200982EAE /* JSONDataService.swift in Sources */ = {isa = PBXBuildFile; fileRef = B0FEBC8C204E3FF200982EAE /* JSONDataService.swift */; };
/* End PBXBuildFile section */

/* Begin PBXFileReference section */
		5D0A9CF5A462CEA72738E915 /* Pods_Farm_To_Fork.framework */ = {isa = PBXFileReference; explicitFileType = wrapper.framework; includeInIndex = 0; path = Pods_Farm_To_Fork.framework; sourceTree = BUILT_PRODUCTS_DIR; };
		6680688F97D90421833C5D80 /* Pods-Farm To Fork.debug.xcconfig */ = {isa = PBXFileReference; includeInIndex = 1; lastKnownFileType = text.xcconfig; name = "Pods-Farm To Fork.debug.xcconfig"; path = "Pods/Target Support Files/Pods-Farm To Fork/Pods-Farm To Fork.debug.xcconfig"; sourceTree = "<group>"; };
		B0039E102052B77E004662EA /* DataError.swift */ = {isa = PBXFileReference; lastKnownFileType = sourcecode.swift; path = DataError.swift; sourceTree = "<group>"; };
		B00F9C13204F8B2500C5BC03 /* LoginViewModel.swift */ = {isa = PBXFileReference; lastKnownFileType = sourcecode.swift; path = LoginViewModel.swift; sourceTree = "<group>"; };
		B00F9C15204F8D8100C5BC03 /* User.swift */ = {isa = PBXFileReference; lastKnownFileType = sourcecode.swift; path = User.swift; sourceTree = "<group>"; };
		B02A024020501A7100ABB4F9 /* RequestType.swift */ = {isa = PBXFileReference; lastKnownFileType = sourcecode.swift; path = RequestType.swift; sourceTree = "<group>"; };
		B02A024320501BC100ABB4F9 /* ErrorExtensions.swift */ = {isa = PBXFileReference; lastKnownFileType = sourcecode.swift; path = ErrorExtensions.swift; sourceTree = "<group>"; };
		B02A024520501DB900ABB4F9 /* UIViewExtensions.swift */ = {isa = PBXFileReference; lastKnownFileType = sourcecode.swift; path = UIViewExtensions.swift; sourceTree = "<group>"; };
		B03C07C42033BDE2001A54C6 /* Farm To Fork.app */ = {isa = PBXFileReference; explicitFileType = wrapper.application; includeInIndex = 0; path = "Farm To Fork.app"; sourceTree = BUILT_PRODUCTS_DIR; };
		B03C07C72033BDE2001A54C6 /* AppDelegate.swift */ = {isa = PBXFileReference; lastKnownFileType = sourcecode.swift; path = AppDelegate.swift; sourceTree = "<group>"; };
		B03C07C92033BDE2001A54C6 /* LoginViewController.swift */ = {isa = PBXFileReference; lastKnownFileType = sourcecode.swift; path = LoginViewController.swift; sourceTree = "<group>"; };
		B03C07CC2033BDE2001A54C6 /* Base */ = {isa = PBXFileReference; lastKnownFileType = file.storyboard; name = Base; path = Base.lproj/Main.storyboard; sourceTree = "<group>"; };
		B03C07CF2033BDE2001A54C6 /* Farm_To_Fork.xcdatamodel */ = {isa = PBXFileReference; lastKnownFileType = wrapper.xcdatamodel; path = Farm_To_Fork.xcdatamodel; sourceTree = "<group>"; };
		B03C07D12033BDE2001A54C6 /* Assets.xcassets */ = {isa = PBXFileReference; lastKnownFileType = folder.assetcatalog; path = Assets.xcassets; sourceTree = "<group>"; };
		B03C07D42033BDE2001A54C6 /* Base */ = {isa = PBXFileReference; lastKnownFileType = file.storyboard; name = Base; path = Base.lproj/LaunchScreen.storyboard; sourceTree = "<group>"; };
		B03C07D62033BDE2001A54C6 /* Info.plist */ = {isa = PBXFileReference; lastKnownFileType = text.plist.xml; path = Info.plist; sourceTree = "<group>"; };
		B0ADAA1420520A2B00A0CD30 /* UIViewControllerExtensions.swift */ = {isa = PBXFileReference; lastKnownFileType = sourcecode.swift; path = UIViewControllerExtensions.swift; sourceTree = "<group>"; };
		B0ADAA16205223D900A0CD30 /* RegisterViewModel.swift */ = {isa = PBXFileReference; lastKnownFileType = sourcecode.swift; path = RegisterViewModel.swift; sourceTree = "<group>"; };
		B0CD0EA520506F1B00FBE902 /* RegisterAccountSegue.swift */ = {isa = PBXFileReference; lastKnownFileType = sourcecode.swift; path = RegisterAccountSegue.swift; sourceTree = "<group>"; };
		B0CD0EA72050716F00FBE902 /* WallpaperWindow.swift */ = {isa = PBXFileReference; lastKnownFileType = sourcecode.swift; path = WallpaperWindow.swift; sourceTree = "<group>"; };
		B0CD0EAA205078AA00FBE902 /* RegisterViewController.swift */ = {isa = PBXFileReference; lastKnownFileType = sourcecode.swift; path = RegisterViewController.swift; sourceTree = "<group>"; };
		B0CD0EAC20507D2500FBE902 /* UnwindRegisterAccountSegue.swift */ = {isa = PBXFileReference; lastKnownFileType = sourcecode.swift; path = UnwindRegisterAccountSegue.swift; sourceTree = "<group>"; };
		B0DF8B5520500FF100AD2539 /* LoginService.swift */ = {isa = PBXFileReference; lastKnownFileType = sourcecode.swift; path = LoginService.swift; sourceTree = "<group>"; };
		B0F133F220517C12000187BA /* StringExtensions.swift */ = {isa = PBXFileReference; lastKnownFileType = sourcecode.swift; path = StringExtensions.swift; sourceTree = "<group>"; };
		B0F133F420517D12000187BA /* RegisterService.swift */ = {isa = PBXFileReference; lastKnownFileType = sourcecode.swift; path = RegisterService.swift; sourceTree = "<group>"; };
		B0F133F6205182C8000187BA /* RegisterLocationViewController.swift */ = {isa = PBXFileReference; lastKnownFileType = sourcecode.swift; path = RegisterLocationViewController.swift; sourceTree = "<group>"; };
		B0F133F92051B2B2000187BA /* RegisterLocationViewModel.swift */ = {isa = PBXFileReference; lastKnownFileType = sourcecode.swift; path = RegisterLocationViewModel.swift; sourceTree = "<group>"; };
		B0FEBC85204E3E3600982EAE /* TableViewModelable.swift */ = {isa = PBXFileReference; lastKnownFileType = sourcecode.swift; path = TableViewModelable.swift; sourceTree = "<group>"; };
		B0FEBC8A204E3F0B00982EAE /* Result.swift */ = {isa = PBXFileReference; lastKnownFileType = sourcecode.swift; path = Result.swift; sourceTree = "<group>"; };
		B0FEBC8C204E3FF200982EAE /* JSONDataService.swift */ = {isa = PBXFileReference; lastKnownFileType = sourcecode.swift; path = JSONDataService.swift; sourceTree = "<group>"; };
		CE90940C0A635A11042E6E8F /* Pods-Farm To Fork.release.xcconfig */ = {isa = PBXFileReference; includeInIndex = 1; lastKnownFileType = text.xcconfig; name = "Pods-Farm To Fork.release.xcconfig"; path = "Pods/Target Support Files/Pods-Farm To Fork/Pods-Farm To Fork.release.xcconfig"; sourceTree = "<group>"; };
/* End PBXFileReference section */

/* Begin PBXFrameworksBuildPhase section */
		B03C07C12033BDE2001A54C6 /* Frameworks */ = {
			isa = PBXFrameworksBuildPhase;
			buildActionMask = 2147483647;
			files = (
				42C53CB3E76A75DC0051F220 /* Pods_Farm_To_Fork.framework in Frameworks */,
			);
			runOnlyForDeploymentPostprocessing = 0;
		};
/* End PBXFrameworksBuildPhase section */

/* Begin PBXGroup section */
		4D91C78F0126573F42E8DEBF /* Frameworks */ = {
			isa = PBXGroup;
			children = (
				5D0A9CF5A462CEA72738E915 /* Pods_Farm_To_Fork.framework */,
			);
			name = Frameworks;
			sourceTree = "<group>";
		};
		927B6EFA33C14C93F6F1803B /* Pods */ = {
			isa = PBXGroup;
			children = (
				6680688F97D90421833C5D80 /* Pods-Farm To Fork.debug.xcconfig */,
				CE90940C0A635A11042E6E8F /* Pods-Farm To Fork.release.xcconfig */,
			);
			name = Pods;
			sourceTree = "<group>";
		};
		B02A024220501AF100ABB4F9 /* Login */ = {
			isa = PBXGroup;
			children = (
				B00F9C13204F8B2500C5BC03 /* LoginViewModel.swift */,
				B00F9C15204F8D8100C5BC03 /* User.swift */,
			);
			path = Login;
			sourceTree = "<group>";
		};
		B03C07BB2033BDE2001A54C6 = {
			isa = PBXGroup;
			children = (
				B03C07C62033BDE2001A54C6 /* Farm To Fork */,
				B03C07C52033BDE2001A54C6 /* Products */,
				927B6EFA33C14C93F6F1803B /* Pods */,
				4D91C78F0126573F42E8DEBF /* Frameworks */,
			);
			sourceTree = "<group>";
		};
		B03C07C52033BDE2001A54C6 /* Products */ = {
			isa = PBXGroup;
			children = (
				B03C07C42033BDE2001A54C6 /* Farm To Fork.app */,
			);
			name = Products;
			sourceTree = "<group>";
		};
		B03C07C62033BDE2001A54C6 /* Farm To Fork */ = {
			isa = PBXGroup;
			children = (
				B0F133FD2051B4EB000187BA /* Extensions */,
				B0CD0EA420506ED700FBE902 /* Custom Segues */,
				B0FEBC89204E3EED00982EAE /* Utilities */,
				B0FEBC83204E3DF000982EAE /* Views */,
				B0FEBC80204E3DDC00982EAE /* API */,
				B0FEBC7D204E3DC300982EAE /* ViewModels */,
				B03C07C72033BDE2001A54C6 /* AppDelegate.swift */,
				B03C07CB2033BDE2001A54C6 /* Main.storyboard */,
				B03C07D12033BDE2001A54C6 /* Assets.xcassets */,
				B03C07D32033BDE2001A54C6 /* LaunchScreen.storyboard */,
				B03C07D62033BDE2001A54C6 /* Info.plist */,
				B03C07CE2033BDE2001A54C6 /* Farm_To_Fork.xcdatamodeld */,
			);
			path = "Farm To Fork";
			sourceTree = "<group>";
		};
		B0CD0EA420506ED700FBE902 /* Custom Segues */ = {
			isa = PBXGroup;
			children = (
				B0CD0EA520506F1B00FBE902 /* RegisterAccountSegue.swift */,
				B0CD0EAC20507D2500FBE902 /* UnwindRegisterAccountSegue.swift */,
			);
			path = "Custom Segues";
			sourceTree = "<group>";
		};
		B0CD0EA92050789100FBE902 /* Register */ = {
			isa = PBXGroup;
			children = (
				B0CD0EAA205078AA00FBE902 /* RegisterViewController.swift */,
				B0F133F6205182C8000187BA /* RegisterLocationViewController.swift */,
			);
			path = Register;
			sourceTree = "<group>";
		};
		B0F133F82051B28D000187BA /* Register */ = {
			isa = PBXGroup;
			children = (
				B0ADAA16205223D900A0CD30 /* RegisterViewModel.swift */,
				B0F133F92051B2B2000187BA /* RegisterLocationViewModel.swift */,
			);
			path = Register;
			sourceTree = "<group>";
		};
		B0F133FD2051B4EB000187BA /* Extensions */ = {
			isa = PBXGroup;
			children = (
				B02A024320501BC100ABB4F9 /* ErrorExtensions.swift */,
				B02A024520501DB900ABB4F9 /* UIViewExtensions.swift */,
				B0ADAA1420520A2B00A0CD30 /* UIViewControllerExtensions.swift */,
				B0F133F220517C12000187BA /* StringExtensions.swift */,
			);
			path = Extensions;
			sourceTree = "<group>";
		};
		B0F133FE2051B598000187BA /* JSON */ = {
			isa = PBXGroup;
			children = (
			);
			path = JSON;
			sourceTree = "<group>";
		};
		B0FEBC7D204E3DC300982EAE /* ViewModels */ = {
			isa = PBXGroup;
			children = (
				B0FEBC85204E3E3600982EAE /* TableViewModelable.swift */,
				B0FEBC82204E3DE900982EAE /* Implementations */,
			);
			path = ViewModels;
			sourceTree = "<group>";
		};
		B0FEBC80204E3DDC00982EAE /* API */ = {
			isa = PBXGroup;
			children = (
				B0F133FE2051B598000187BA /* JSON */,
				B0FEBC81204E3DE200982EAE /* Implementations */,
			);
			path = API;
			sourceTree = "<group>";
		};
		B0FEBC81204E3DE200982EAE /* Implementations */ = {
			isa = PBXGroup;
			children = (
				B0FEBC8C204E3FF200982EAE /* JSONDataService.swift */,
				B0DF8B5520500FF100AD2539 /* LoginService.swift */,
				B0F133F420517D12000187BA /* RegisterService.swift */,
			);
			path = Implementations;
			sourceTree = "<group>";
		};
		B0FEBC82204E3DE900982EAE /* Implementations */ = {
			isa = PBXGroup;
			children = (
				B0F133F82051B28D000187BA /* Register */,
				B02A024220501AF100ABB4F9 /* Login */,
			);
			path = Implementations;
			sourceTree = "<group>";
		};
		B0FEBC83204E3DF000982EAE /* Views */ = {
			isa = PBXGroup;
			children = (
				B0CD0EA72050716F00FBE902 /* WallpaperWindow.swift */,
				B0CD0EA92050789100FBE902 /* Register */,
				B0FEBC84204E3E0200982EAE /* Login */,
			);
			path = Views;
			sourceTree = "<group>";
		};
		B0FEBC84204E3E0200982EAE /* Login */ = {
			isa = PBXGroup;
			children = (
				B03C07C92033BDE2001A54C6 /* LoginViewController.swift */,
			);
			path = Login;
			sourceTree = "<group>";
		};
		B0FEBC89204E3EED00982EAE /* Utilities */ = {
			isa = PBXGroup;
			children = (
				B0FEBC8A204E3F0B00982EAE /* Result.swift */,
				B02A024020501A7100ABB4F9 /* RequestType.swift */,
				B0039E102052B77E004662EA /* DataError.swift */,
			);
			path = Utilities;
			sourceTree = "<group>";
		};
/* End PBXGroup section */

/* Begin PBXNativeTarget section */
		B03C07C32033BDE2001A54C6 /* Farm To Fork */ = {
			isa = PBXNativeTarget;
			buildConfigurationList = B03C07D92033BDE2001A54C6 /* Build configuration list for PBXNativeTarget "Farm To Fork" */;
			buildPhases = (
				DEC225DA31E243D8AD052AE5 /* [CP] Check Pods Manifest.lock */,
				B03C07C02033BDE2001A54C6 /* Sources */,
				B03C07C12033BDE2001A54C6 /* Frameworks */,
				B03C07C22033BDE2001A54C6 /* Resources */,
				927F691FA54CA189BC7C410C /* [CP] Embed Pods Frameworks */,
				2ACB2D46424EDCD14B91784C /* [CP] Copy Pods Resources */,
			);
			buildRules = (
			);
			dependencies = (
			);
			name = "Farm To Fork";
			productName = "Farm To Fork";
			productReference = B03C07C42033BDE2001A54C6 /* Farm To Fork.app */;
			productType = "com.apple.product-type.application";
		};
/* End PBXNativeTarget section */

/* Begin PBXProject section */
		B03C07BC2033BDE2001A54C6 /* Project object */ = {
			isa = PBXProject;
			attributes = {
				LastSwiftUpdateCheck = 0920;
				LastUpgradeCheck = 0920;
				ORGANIZATIONNAME = "Domenic Bianchi & Marshall Asch";
				TargetAttributes = {
					B03C07C32033BDE2001A54C6 = {
						CreatedOnToolsVersion = 9.2;
						ProvisioningStyle = Automatic;
					};
				};
			};
			buildConfigurationList = B03C07BF2033BDE2001A54C6 /* Build configuration list for PBXProject "Farm To Fork" */;
			compatibilityVersion = "Xcode 8.0";
			developmentRegion = en;
			hasScannedForEncodings = 0;
			knownRegions = (
				en,
				Base,
			);
			mainGroup = B03C07BB2033BDE2001A54C6;
			productRefGroup = B03C07C52033BDE2001A54C6 /* Products */;
			projectDirPath = "";
			projectRoot = "";
			targets = (
				B03C07C32033BDE2001A54C6 /* Farm To Fork */,
			);
		};
/* End PBXProject section */

/* Begin PBXResourcesBuildPhase section */
		B03C07C22033BDE2001A54C6 /* Resources */ = {
			isa = PBXResourcesBuildPhase;
			buildActionMask = 2147483647;
			files = (
				B03C07D52033BDE2001A54C6 /* LaunchScreen.storyboard in Resources */,
				B03C07D22033BDE2001A54C6 /* Assets.xcassets in Resources */,
				B03C07CD2033BDE2001A54C6 /* Main.storyboard in Resources */,
			);
			runOnlyForDeploymentPostprocessing = 0;
		};
/* End PBXResourcesBuildPhase section */

/* Begin PBXShellScriptBuildPhase section */
		2ACB2D46424EDCD14B91784C /* [CP] Copy Pods Resources */ = {
			isa = PBXShellScriptBuildPhase;
			buildActionMask = 2147483647;
			files = (
			);
			inputPaths = (
			);
			name = "[CP] Copy Pods Resources";
			outputPaths = (
			);
			runOnlyForDeploymentPostprocessing = 0;
			shellPath = /bin/sh;
			shellScript = "\"${SRCROOT}/Pods/Target Support Files/Pods-Farm To Fork/Pods-Farm To Fork-resources.sh\"\n";
			showEnvVarsInLog = 0;
		};
		927F691FA54CA189BC7C410C /* [CP] Embed Pods Frameworks */ = {
			isa = PBXShellScriptBuildPhase;
			buildActionMask = 2147483647;
			files = (
			);
			inputPaths = (
				"${SRCROOT}/Pods/Target Support Files/Pods-Farm To Fork/Pods-Farm To Fork-frameworks.sh",
				"${BUILT_PRODUCTS_DIR}/MaterialTextField/MaterialTextField.framework",
			);
			name = "[CP] Embed Pods Frameworks";
			outputPaths = (
				"${TARGET_BUILD_DIR}/${FRAMEWORKS_FOLDER_PATH}/MaterialTextField.framework",
			);
			runOnlyForDeploymentPostprocessing = 0;
			shellPath = /bin/sh;
			shellScript = "\"${SRCROOT}/Pods/Target Support Files/Pods-Farm To Fork/Pods-Farm To Fork-frameworks.sh\"\n";
			showEnvVarsInLog = 0;
		};
		DEC225DA31E243D8AD052AE5 /* [CP] Check Pods Manifest.lock */ = {
			isa = PBXShellScriptBuildPhase;
			buildActionMask = 2147483647;
			files = (
			);
			inputPaths = (
				"${PODS_PODFILE_DIR_PATH}/Podfile.lock",
				"${PODS_ROOT}/Manifest.lock",
			);
			name = "[CP] Check Pods Manifest.lock";
			outputPaths = (
				"$(DERIVED_FILE_DIR)/Pods-Farm To Fork-checkManifestLockResult.txt",
			);
			runOnlyForDeploymentPostprocessing = 0;
			shellPath = /bin/sh;
			shellScript = "diff \"${PODS_PODFILE_DIR_PATH}/Podfile.lock\" \"${PODS_ROOT}/Manifest.lock\" > /dev/null\nif [ $? != 0 ] ; then\n    # print error to STDERR\n    echo \"error: The sandbox is not in sync with the Podfile.lock. Run 'pod install' or update your CocoaPods installation.\" >&2\n    exit 1\nfi\n# This output is used by Xcode 'outputs' to avoid re-running this script phase.\necho \"SUCCESS\" > \"${SCRIPT_OUTPUT_FILE_0}\"\n";
			showEnvVarsInLog = 0;
		};
/* End PBXShellScriptBuildPhase section */

/* Begin PBXSourcesBuildPhase section */
		B03C07C02033BDE2001A54C6 /* Sources */ = {
			isa = PBXSourcesBuildPhase;
			buildActionMask = 2147483647;
			files = (
				B0F133FA2051B2B2000187BA /* RegisterLocationViewModel.swift in Sources */,
				B0FEBC8B204E3F0B00982EAE /* Result.swift in Sources */,
				B0FEBC8D204E3FF200982EAE /* JSONDataService.swift in Sources */,
				B03C07CA2033BDE2001A54C6 /* LoginViewController.swift in Sources */,
				B03C07D02033BDE2001A54C6 /* Farm_To_Fork.xcdatamodeld in Sources */,
				B02A024420501BC100ABB4F9 /* ErrorExtensions.swift in Sources */,
				B0DF8B5620500FF100AD2539 /* LoginService.swift in Sources */,
				B0F133F520517D12000187BA /* RegisterService.swift in Sources */,
				B0CD0EAD20507D2500FBE902 /* UnwindRegisterAccountSegue.swift in Sources */,
				B0CD0EAB205078AA00FBE902 /* RegisterViewController.swift in Sources */,
				B0CD0EA620506F1B00FBE902 /* RegisterAccountSegue.swift in Sources */,
				B00F9C16204F8D8100C5BC03 /* User.swift in Sources */,
				B0F133F7205182C8000187BA /* RegisterLocationViewController.swift in Sources */,
				B0ADAA1520520A2B00A0CD30 /* UIViewControllerExtensions.swift in Sources */,
				B00F9C14204F8B2500C5BC03 /* LoginViewModel.swift in Sources */,
				B0ADAA17205223D900A0CD30 /* RegisterViewModel.swift in Sources */,
				B02A024120501A7100ABB4F9 /* RequestType.swift in Sources */,
				B03C07C82033BDE2001A54C6 /* AppDelegate.swift in Sources */,
				B02A024620501DB900ABB4F9 /* UIViewExtensions.swift in Sources */,
				B0FEBC86204E3E3600982EAE /* TableViewModelable.swift in Sources */,
				B0039E112052B77E004662EA /* DataError.swift in Sources */,
				B0CD0EA82050716F00FBE902 /* WallpaperWindow.swift in Sources */,
				B0F133F320517C12000187BA /* StringExtensions.swift in Sources */,
			);
			runOnlyForDeploymentPostprocessing = 0;
		};
/* End PBXSourcesBuildPhase section */

/* Begin PBXVariantGroup section */
		B03C07CB2033BDE2001A54C6 /* Main.storyboard */ = {
			isa = PBXVariantGroup;
			children = (
				B03C07CC2033BDE2001A54C6 /* Base */,
			);
			name = Main.storyboard;
			sourceTree = "<group>";
		};
		B03C07D32033BDE2001A54C6 /* LaunchScreen.storyboard */ = {
			isa = PBXVariantGroup;
			children = (
				B03C07D42033BDE2001A54C6 /* Base */,
			);
			name = LaunchScreen.storyboard;
			sourceTree = "<group>";
		};
/* End PBXVariantGroup section */

/* Begin XCBuildConfiguration section */
		B03C07D72033BDE2001A54C6 /* Debug */ = {
			isa = XCBuildConfiguration;
			buildSettings = {
				ALWAYS_SEARCH_USER_PATHS = NO;
				CLANG_ANALYZER_NONNULL = YES;
				CLANG_ANALYZER_NUMBER_OBJECT_CONVERSION = YES_AGGRESSIVE;
				CLANG_CXX_LANGUAGE_STANDARD = "gnu++14";
				CLANG_CXX_LIBRARY = "libc++";
				CLANG_ENABLE_MODULES = YES;
				CLANG_ENABLE_OBJC_ARC = YES;
				CLANG_WARN_BLOCK_CAPTURE_AUTORELEASING = YES;
				CLANG_WARN_BOOL_CONVERSION = YES;
				CLANG_WARN_COMMA = YES;
				CLANG_WARN_CONSTANT_CONVERSION = YES;
				CLANG_WARN_DIRECT_OBJC_ISA_USAGE = YES_ERROR;
				CLANG_WARN_DOCUMENTATION_COMMENTS = YES;
				CLANG_WARN_EMPTY_BODY = YES;
				CLANG_WARN_ENUM_CONVERSION = YES;
				CLANG_WARN_INFINITE_RECURSION = YES;
				CLANG_WARN_INT_CONVERSION = YES;
				CLANG_WARN_NON_LITERAL_NULL_CONVERSION = YES;
				CLANG_WARN_OBJC_LITERAL_CONVERSION = YES;
				CLANG_WARN_OBJC_ROOT_CLASS = YES_ERROR;
				CLANG_WARN_RANGE_LOOP_ANALYSIS = YES;
				CLANG_WARN_STRICT_PROTOTYPES = YES;
				CLANG_WARN_SUSPICIOUS_MOVE = YES;
				CLANG_WARN_UNGUARDED_AVAILABILITY = YES_AGGRESSIVE;
				CLANG_WARN_UNREACHABLE_CODE = YES;
				CLANG_WARN__DUPLICATE_METHOD_MATCH = YES;
				CODE_SIGN_IDENTITY = "iPhone Developer";
				COPY_PHASE_STRIP = NO;
				DEBUG_INFORMATION_FORMAT = dwarf;
				ENABLE_STRICT_OBJC_MSGSEND = YES;
				ENABLE_TESTABILITY = YES;
				GCC_C_LANGUAGE_STANDARD = gnu11;
				GCC_DYNAMIC_NO_PIC = NO;
				GCC_NO_COMMON_BLOCKS = YES;
				GCC_OPTIMIZATION_LEVEL = 0;
				GCC_PREPROCESSOR_DEFINITIONS = (
					"DEBUG=1",
					"$(inherited)",
				);
				GCC_WARN_64_TO_32_BIT_CONVERSION = YES;
				GCC_WARN_ABOUT_RETURN_TYPE = YES_ERROR;
				GCC_WARN_UNDECLARED_SELECTOR = YES;
				GCC_WARN_UNINITIALIZED_AUTOS = YES_AGGRESSIVE;
				GCC_WARN_UNUSED_FUNCTION = YES;
				GCC_WARN_UNUSED_VARIABLE = YES;
				IPHONEOS_DEPLOYMENT_TARGET = 10.0;
				MTL_ENABLE_DEBUG_INFO = YES;
				ONLY_ACTIVE_ARCH = YES;
				SDKROOT = iphoneos;
				SWIFT_ACTIVE_COMPILATION_CONDITIONS = DEBUG;
				SWIFT_OPTIMIZATION_LEVEL = "-Onone";
			};
			name = Debug;
		};
		B03C07D82033BDE2001A54C6 /* Release */ = {
			isa = XCBuildConfiguration;
			buildSettings = {
				ALWAYS_SEARCH_USER_PATHS = NO;
				CLANG_ANALYZER_NONNULL = YES;
				CLANG_ANALYZER_NUMBER_OBJECT_CONVERSION = YES_AGGRESSIVE;
				CLANG_CXX_LANGUAGE_STANDARD = "gnu++14";
				CLANG_CXX_LIBRARY = "libc++";
				CLANG_ENABLE_MODULES = YES;
				CLANG_ENABLE_OBJC_ARC = YES;
				CLANG_WARN_BLOCK_CAPTURE_AUTORELEASING = YES;
				CLANG_WARN_BOOL_CONVERSION = YES;
				CLANG_WARN_COMMA = YES;
				CLANG_WARN_CONSTANT_CONVERSION = YES;
				CLANG_WARN_DIRECT_OBJC_ISA_USAGE = YES_ERROR;
				CLANG_WARN_DOCUMENTATION_COMMENTS = YES;
				CLANG_WARN_EMPTY_BODY = YES;
				CLANG_WARN_ENUM_CONVERSION = YES;
				CLANG_WARN_INFINITE_RECURSION = YES;
				CLANG_WARN_INT_CONVERSION = YES;
				CLANG_WARN_NON_LITERAL_NULL_CONVERSION = YES;
				CLANG_WARN_OBJC_LITERAL_CONVERSION = YES;
				CLANG_WARN_OBJC_ROOT_CLASS = YES_ERROR;
				CLANG_WARN_RANGE_LOOP_ANALYSIS = YES;
				CLANG_WARN_STRICT_PROTOTYPES = YES;
				CLANG_WARN_SUSPICIOUS_MOVE = YES;
				CLANG_WARN_UNGUARDED_AVAILABILITY = YES_AGGRESSIVE;
				CLANG_WARN_UNREACHABLE_CODE = YES;
				CLANG_WARN__DUPLICATE_METHOD_MATCH = YES;
				CODE_SIGN_IDENTITY = "iPhone Developer";
				COPY_PHASE_STRIP = NO;
				DEBUG_INFORMATION_FORMAT = "dwarf-with-dsym";
				ENABLE_NS_ASSERTIONS = NO;
				ENABLE_STRICT_OBJC_MSGSEND = YES;
				GCC_C_LANGUAGE_STANDARD = gnu11;
				GCC_NO_COMMON_BLOCKS = YES;
				GCC_WARN_64_TO_32_BIT_CONVERSION = YES;
				GCC_WARN_ABOUT_RETURN_TYPE = YES_ERROR;
				GCC_WARN_UNDECLARED_SELECTOR = YES;
				GCC_WARN_UNINITIALIZED_AUTOS = YES_AGGRESSIVE;
				GCC_WARN_UNUSED_FUNCTION = YES;
				GCC_WARN_UNUSED_VARIABLE = YES;
				IPHONEOS_DEPLOYMENT_TARGET = 10.0;
				MTL_ENABLE_DEBUG_INFO = NO;
				SDKROOT = iphoneos;
				SWIFT_OPTIMIZATION_LEVEL = "-Owholemodule";
				VALIDATE_PRODUCT = YES;
			};
			name = Release;
		};
		B03C07DA2033BDE2001A54C6 /* Debug */ = {
			isa = XCBuildConfiguration;
			baseConfigurationReference = 6680688F97D90421833C5D80 /* Pods-Farm To Fork.debug.xcconfig */;
			buildSettings = {
				ASSETCATALOG_COMPILER_APPICON_NAME = AppIcon;
				CODE_SIGN_STYLE = Automatic;
				DEVELOPMENT_TEAM = 667D8S5SPP;
				INFOPLIST_FILE = "Farm To Fork/Info.plist";
				IPHONEOS_DEPLOYMENT_TARGET = 10.0;
				LD_RUNPATH_SEARCH_PATHS = "$(inherited) @executable_path/Frameworks";
				PRODUCT_BUNDLE_IDENTIFIER = "com.domenic-and-marshall.Farm-To-Fork";
				PRODUCT_NAME = "$(TARGET_NAME)";
				SWIFT_VERSION = 4.0;
				TARGETED_DEVICE_FAMILY = "1,2";
			};
			name = Debug;
		};
		B03C07DB2033BDE2001A54C6 /* Release */ = {
			isa = XCBuildConfiguration;
			baseConfigurationReference = CE90940C0A635A11042E6E8F /* Pods-Farm To Fork.release.xcconfig */;
			buildSettings = {
				ASSETCATALOG_COMPILER_APPICON_NAME = AppIcon;
				CODE_SIGN_STYLE = Automatic;
				DEVELOPMENT_TEAM = 667D8S5SPP;
				INFOPLIST_FILE = "Farm To Fork/Info.plist";
				IPHONEOS_DEPLOYMENT_TARGET = 10.0;
				LD_RUNPATH_SEARCH_PATHS = "$(inherited) @executable_path/Frameworks";
				PRODUCT_BUNDLE_IDENTIFIER = "com.domenic-and-marshall.Farm-To-Fork";
				PRODUCT_NAME = "$(TARGET_NAME)";
				SWIFT_VERSION = 4.0;
				TARGETED_DEVICE_FAMILY = "1,2";
			};
			name = Release;
		};
/* End XCBuildConfiguration section */

/* Begin XCConfigurationList section */
		B03C07BF2033BDE2001A54C6 /* Build configuration list for PBXProject "Farm To Fork" */ = {
			isa = XCConfigurationList;
			buildConfigurations = (
				B03C07D72033BDE2001A54C6 /* Debug */,
				B03C07D82033BDE2001A54C6 /* Release */,
			);
			defaultConfigurationIsVisible = 0;
			defaultConfigurationName = Release;
		};
		B03C07D92033BDE2001A54C6 /* Build configuration list for PBXNativeTarget "Farm To Fork" */ = {
			isa = XCConfigurationList;
			buildConfigurations = (
				B03C07DA2033BDE2001A54C6 /* Debug */,
				B03C07DB2033BDE2001A54C6 /* Release */,
			);
			defaultConfigurationIsVisible = 0;
			defaultConfigurationName = Release;
		};
/* End XCConfigurationList section */

/* Begin XCVersionGroup section */
		B03C07CE2033BDE2001A54C6 /* Farm_To_Fork.xcdatamodeld */ = {
			isa = XCVersionGroup;
			children = (
				B03C07CF2033BDE2001A54C6 /* Farm_To_Fork.xcdatamodel */,
			);
			currentVersion = B03C07CF2033BDE2001A54C6 /* Farm_To_Fork.xcdatamodel */;
			path = Farm_To_Fork.xcdatamodeld;
			sourceTree = "<group>";
			versionGroupType = wrapper.xcdatamodel;
		};
/* End XCVersionGroup section */
	};
	rootObject = B03C07BC2033BDE2001A54C6 /* Project object */;
}
